// !$*UTF8*$!
{
	archiveVersion = 1;
	classes = {
	};
	objectVersion = 77;
	objects = {

/* Begin PBXBuildFile section */
		00EBAD8D822788E44BCE7F15 /* NowPlayingBottomControls.swift in Sources */ = {isa = PBXBuildFile; fileRef = C16C8880DC49EDC3AAF98DED /* NowPlayingBottomControls.swift */; };
		083581AB7DE98FD65FD439D9 /* EqualizerSheet.swift in Sources */ = {isa = PBXBuildFile; fileRef = 39534673CD91E61FB99B75CC /* EqualizerSheet.swift */; };
		08CF418668D6D7A04D2DD18D /* NowPlayingView.swift in Sources */ = {isa = PBXBuildFile; fileRef = 2F30A5D4B4803781048B9993 /* NowPlayingView.swift */; };
		0977491AD69874A4CC061822 /* LNPopupUI in Embed Frameworks */ = {isa = PBXBuildFile; productRef = 15368644BE548FAAC6CAA968 /* LNPopupUI */; settings = {ATTRIBUTES = (CodeSignOnCopy, RemoveHeadersOnCopy, ); }; };
		09D979CA0039DA1C2D5A4AB4 /* MusicActivity.swift in Sources */ = {isa = PBXBuildFile; fileRef = A0B1849A4B43FDE998477DCD /* MusicActivity.swift */; };
		0A6209F0F485A63BBD235B96 /* NowPlayingLyricsLanguageButton.swift in Sources */ = {isa = PBXBuildFile; fileRef = A62DB69DC05BE11EC4A823BA /* NowPlayingLyricsLanguageButton.swift */; };
		0B4BC59A40C9960B0805EE1C /* Keychain.swift in Sources */ = {isa = PBXBuildFile; fileRef = 65D62C0420A65EA71256C7EE /* Keychain.swift */; };
		0E2EE6DE570BB0C65D8DA8F5 /* LyricLongToneEmphasis.swift in Sources */ = {isa = PBXBuildFile; fileRef = 90D29D699E211A2EAFABDAF6 /* LyricLongToneEmphasis.swift */; };
		0F2E677285DF41B41AA98297 /* PlayerStore.swift in Sources */ = {isa = PBXBuildFile; fileRef = 06CFE3DCA6F67B8AB1722F2F /* PlayerStore.swift */; };
		0F40D223211C83868C7F4E84 /* SleepTimer.swift in Sources */ = {isa = PBXBuildFile; fileRef = 8FBBD295F2B904EE2F8F5975 /* SleepTimer.swift */; };
		1164A9335B26962DA076B824 /* SwingMusicWidgetsExtension.appex in Embed Foundation Extensions */ = {isa = PBXBuildFile; fileRef = 374F8522D51FF1F3DE4C0A8C /* SwingMusicWidgetsExtension.appex */; settings = {ATTRIBUTES = (RemoveHeadersOnCopy, ); }; };
		18F02024B5F87E0411632B75 /* MusicWidget.swift in Sources */ = {isa = PBXBuildFile; fileRef = 568E38E8394DD7991060A1F8 /* MusicWidget.swift */; };
		1B979304779BC8AAFB31CC2F /* NowPlayingPageTransition.swift in Sources */ = {isa = PBXBuildFile; fileRef = B04D012C5E7C5C0BB68A7A02 /* NowPlayingPageTransition.swift */; };
		1CD3988EAC46E562A70046F6 /* AmbientBackground.swift in Sources */ = {isa = PBXBuildFile; fileRef = 1250940564AB13A45D49807B /* AmbientBackground.swift */; };
		23D0AA25EFEDEF91626DD915 /* AlbumDetailView.swift in Sources */ = {isa = PBXBuildFile; fileRef = B29695294B61881D1ECC23C1 /* AlbumDetailView.swift */; };
		26C35CBC2C6D41E486A95605 /* ImageView.swift in Sources */ = {isa = PBXBuildFile; fileRef = 43AA75BC9EA3B47A0CDAB872 /* ImageView.swift */; };
		29FD08D2034A3406DCFBEF42 /* RecentTrack.swift in Sources */ = {isa = PBXBuildFile; fileRef = 6C87F17CCE93D6FBE77E1935 /* RecentTrack.swift */; };
		2EFA62D7B5E27FAB375F24AA /* RecentlyPlayedWidget.swift in Sources */ = {isa = PBXBuildFile; fileRef = FF7B53B9B15A3FC6E96FB923 /* RecentlyPlayedWidget.swift */; };
		2EFA74B131390E5F6F475D87 /* MusicActivity.swift in Sources */ = {isa = PBXBuildFile; fileRef = A0B1849A4B43FDE998477DCD /* MusicActivity.swift */; };
		324BE9E9F7952DB6ED18F379 /* LDDCLyrics.swift in Sources */ = {isa = PBXBuildFile; fileRef = 405734886322EC5D594C11F4 /* LDDCLyrics.swift */; };
		36259D13B8C84E5AAEC436D2 /* AddToPlaylistSheet.swift in Sources */ = {isa = PBXBuildFile; fileRef = 30616FD40738DE88129D5132 /* AddToPlaylistSheet.swift */; };
		36CDD11D7068D6009D4770F6 /* ActivityManager.swift in Sources */ = {isa = PBXBuildFile; fileRef = 5091263D14F8D8CD0C29B619 /* ActivityManager.swift */; };
		3E1CDC30F5F45D2FC5998B6C /* SleepTimerSheet.swift in Sources */ = {isa = PBXBuildFile; fileRef = A9E539CB5F619E224FDD8249 /* SleepTimerSheet.swift */; };
		3E7EE99C5534EC1214D22A0B /* AdaptiveDetailBackground.swift in Sources */ = {isa = PBXBuildFile; fileRef = 9AB6F9D51982A6E5E6006E48 /* AdaptiveDetailBackground.swift */; };
		42895F45CEBF2B88B632125D /* APIClient.swift in Sources */ = {isa = PBXBuildFile; fileRef = 156D413E192F928048EC419B /* APIClient.swift */; };
		437214F76A0B08A8C68FCC0D /* MeloXPlayerBridge.swift in Sources */ = {isa = PBXBuildFile; fileRef = 2987D9B58CB7877CE12E85EA /* MeloXPlayerBridge.swift */; };
		43DC049D036AEAEA60C456CF /* HomeView.swift in Sources */ = {isa = PBXBuildFile; fileRef = 7FABE5AE4BB6B6EA38565BC4 /* HomeView.swift */; };
		4B5F7B1A086B26E944A25123 /* RepeatMode.swift in Sources */ = {isa = PBXBuildFile; fileRef = 82C1F53629AA76AF6BD1F113 /* RepeatMode.swift */; };
		4C825D52691EA21A163F081E /* LyricsCrypto.swift in Sources */ = {isa = PBXBuildFile; fileRef = 08E355F41AD301B797ADF3CA /* LyricsCrypto.swift */; };
		4D9C107C79330CC009910A15 /* SwingMusicWidgetsBundle.swift in Sources */ = {isa = PBXBuildFile; fileRef = E95E4D7B32515EFBD12E5AD4 /* SwingMusicWidgetsBundle.swift */; };
		54E06D42D099E242A1AC88D6 /* Lyrics.swift in Sources */ = {isa = PBXBuildFile; fileRef = AB9853885AC733A2C617B4B3 /* Lyrics.swift */; };
		5867B3FFEAE6BE3A511EA3D6 /* NowPlayingRhythmicVignette.swift in Sources */ = {isa = PBXBuildFile; fileRef = B879BEA3AB1F1C837D13DB59 /* NowPlayingRhythmicVignette.swift */; };
		5A7AA0E2206ABC948E668043 /* AMLLWordEmphasis.swift in Sources */ = {isa = PBXBuildFile; fileRef = A6F4E5465277077731AD63E3 /* AMLLWordEmphasis.swift */; };
		5C7888F1E1BFBEC28FA2E942 /* ExplicitBadge.swift in Sources */ = {isa = PBXBuildFile; fileRef = 85232031BABBF8C394AB1BEE /* ExplicitBadge.swift */; };
		5FC14FE358597600D40FFED2 /* BugReportSheet.swift in Sources */ = {isa = PBXBuildFile; fileRef = BF3EB2D533EDC4E7CC64FBC1 /* BugReportSheet.swift */; };
		60B9946D31D6D3DC63263073 /* LyricRomanizationAligner.swift in Sources */ = {isa = PBXBuildFile; fileRef = 9593CA86F8D712C3F66B386E /* LyricRomanizationAligner.swift */; };
		676055409989D541C3C724C6 /* LyricsTranslationDisplayMode.swift in Sources */ = {isa = PBXBuildFile; fileRef = 8587BA2B39FEC4C36BA1ECA0 /* LyricsTranslationDisplayMode.swift */; };
		6904102133093E99E6E89BB9 /* NowPlayingSongActions.swift in Sources */ = {isa = PBXBuildFile; fileRef = 01EBB06F6166A8A11BA9D066 /* NowPlayingSongActions.swift */; };
		691A327B8DC8D18C378D999F /* AppState.swift in Sources */ = {isa = PBXBuildFile; fileRef = EB0B19483117557D4110FA32 /* AppState.swift */; };
		6B2EC8B08C2B2FDEBE02F26A /* AppSettings.swift in Sources */ = {isa = PBXBuildFile; fileRef = F60938E65E9871A0E62C87D8 /* AppSettings.swift */; };
		6F86EC48B3A3E160ABFECDEC /* Track.swift in Sources */ = {isa = PBXBuildFile; fileRef = 143759B3FE4AD86B29293F9B /* Track.swift */; };
		701169DEB68A39AD775F305D /* Helpers.swift in Sources */ = {isa = PBXBuildFile; fileRef = 83B3F7932BD64294175D0171 /* Helpers.swift */; };
		7373AD13DC86744424A59FC8 /* LyricsEmphasisStyle.swift in Sources */ = {isa = PBXBuildFile; fileRef = 14287BB9AA212435A5A2A6C0 /* LyricsEmphasisStyle.swift */; };
		73D26F441257E9ACA5CA9CA3 /* NowPlayingQueuePage.swift in Sources */ = {isa = PBXBuildFile; fileRef = 6485B2CB2222CF1DAEF7FB7A /* NowPlayingQueuePage.swift */; };
		740CB9E73D1ABA6504343AC8 /* FlowingLightPaletteBuilder.swift in Sources */ = {isa = PBXBuildFile; fileRef = 093F6C464A591D2BFABE6558 /* FlowingLightPaletteBuilder.swift */; };
		7502CEA78E5C1C9736D7AB92 /* LyricHighlightRevealProgress.swift in Sources */ = {isa = PBXBuildFile; fileRef = 427B538FB04B20F9CE607DC2 /* LyricHighlightRevealProgress.swift */; };
		762CF58D9F8C702DF2F84159 /* LibraryView.swift in Sources */ = {isa = PBXBuildFile; fileRef = F82D1F54EDB19443A2087E9B /* LibraryView.swift */; };
		78C27BE17C932CC68786DA67 /* Log.swift in Sources */ = {isa = PBXBuildFile; fileRef = 0D6A1CE5AA8C59445D6A82BB /* Log.swift */; };
		7ADB5DA2AF762D62FA1FCB72 /* LyricLineFitting.swift in Sources */ = {isa = PBXBuildFile; fileRef = BC01E0AC713B3F31917982B4 /* LyricLineFitting.swift */; };
		7C1A2A2A5F1212253E020E28 /* PlaylistDetailView.swift in Sources */ = {isa = PBXBuildFile; fileRef = F9BCA4D49659849D2100214F /* PlaylistDetailView.swift */; };
		7CB03C84FE7537A2023CA9BE /* LyricsMatcher.swift in Sources */ = {isa = PBXBuildFile; fileRef = 0F0C4FBA6A0E85F44458D409 /* LyricsMatcher.swift */; };
		7D62D7955DD6139864537917 /* Endpoints.swift in Sources */ = {isa = PBXBuildFile; fileRef = 120802B560D583650C2A53DA /* Endpoints.swift */; };
		7DDA923B37249C710F04A2C6 /* WidgetDebugPreview.swift in Sources */ = {isa = PBXBuildFile; fileRef = BFE0E05D1CF4C46F4C37967C /* WidgetDebugPreview.swift */; };
		7E6FA5209230129D3743B7B0 /* LyricsStyle.swift in Sources */ = {isa = PBXBuildFile; fileRef = 938B7F92F9D2AFAEBCD123EA /* LyricsStyle.swift */; };
		7F04C65F1399AFAE8CC045BD /* RecentlyPlayedWidget.swift in Sources */ = {isa = PBXBuildFile; fileRef = FF7B53B9B15A3FC6E96FB923 /* RecentlyPlayedWidget.swift */; };
		80F6E330DF3A0F9D29B0AF1C /* PrivacyInfo.xcprivacy in Resources */ = {isa = PBXBuildFile; fileRef = 011ADA806AD741F6F7E82129 /* PrivacyInfo.xcprivacy */; };
		8226E8185C31071EA69B8ED8 /* LyricsLiftMode.swift in Sources */ = {isa = PBXBuildFile; fileRef = 949D632C9147739ABBD44963 /* LyricsLiftMode.swift */; };
		827DC7ECF87D2501807CC058 /* Helpers.swift in Sources */ = {isa = PBXBuildFile; fileRef = 83B3F7932BD64294175D0171 /* Helpers.swift */; };
		838EFEC7D1ECBB7A8C2FCAB5 /* FlowingLightMotionField.swift in Sources */ = {isa = PBXBuildFile; fileRef = DCB8669EA3449F97EE517F88 /* FlowingLightMotionField.swift */; };
		86159192042746B10290A43E /* ComponentExporter.swift in Sources */ = {isa = PBXBuildFile; fileRef = 1329C8ACBEE78187F1844C5F /* ComponentExporter.swift */; };
		880C3A833182ED53D142CEAD /* SettingsView.swift in Sources */ = {isa = PBXBuildFile; fileRef = B9D107FB20908FBD8A215E80 /* SettingsView.swift */; };
		8A9A6898DDA445883226813C /* ScrobbleQueue.swift in Sources */ = {isa = PBXBuildFile; fileRef = A4D8066B9F32F9D800B9B7A4 /* ScrobbleQueue.swift */; };
		8CF0E754CC5BA29D3FBE45B8 /* NowPlayingInterfaceTransition.swift in Sources */ = {isa = PBXBuildFile; fileRef = AABF01DAD1399CC121EE0B75 /* NowPlayingInterfaceTransition.swift */; };
		8EB824A7EE1F26A77103AD36 /* PlayerBackgroundStyle.swift in Sources */ = {isa = PBXBuildFile; fileRef = 299611C8E526DE7CA227F7CC /* PlayerBackgroundStyle.swift */; };
		8F85D29F5488DACB7B8FEC54 /* PerformanceTracer.swift in Sources */ = {isa = PBXBuildFile; fileRef = 7B860EC2CBF8C7415F1335F0 /* PerformanceTracer.swift */; };
		9004487BB03CEAF167D495B6 /* BugReport.swift in Sources */ = {isa = PBXBuildFile; fileRef = 98CF3A7512424F8AAD4C3215 /* BugReport.swift */; };
		90BA5A29F3F29499FC699990 /* LyricRubyLayout.swift in Sources */ = {isa = PBXBuildFile; fileRef = C6A35F3857C0CF66757645FC /* LyricRubyLayout.swift */; };
		914603120EDC0518052A593A /* AutoMix.swift in Sources */ = {isa = PBXBuildFile; fileRef = FBA7CE90E220DC32E9963928 /* AutoMix.swift */; };
		95FCC70105A2078D25F721CB /* AlbumsGridView.swift in Sources */ = {isa = PBXBuildFile; fileRef = CA5DCAB1DCE22386D3368BEF /* AlbumsGridView.swift */; };
		98FDB289CCBAD76073399D2F /* LyricsBridge.swift in Sources */ = {isa = PBXBuildFile; fileRef = AF6DD9C2EBD870BC80508F36 /* LyricsBridge.swift */; };
		99EE1130D9364A5B0B62ACD3 /* LyricGlowTextRenderer.swift in Sources */ = {isa = PBXBuildFile; fileRef = 53B01DA9A5E1EC5E254FCD9B /* LyricGlowTextRenderer.swift */; };
		9C881951EA96943F082223C2 /* LNPopupUI in Frameworks */ = {isa = PBXBuildFile; productRef = 15368644BE548FAAC6CAA968 /* LNPopupUI */; };
		9CF20130B0A2CB5AD074E387 /* LyricWordSegmenter.swift in Sources */ = {isa = PBXBuildFile; fileRef = 4CF24C922D0C9FED57C90897 /* LyricWordSegmenter.swift */; };
		9D7268EF5997F55ECB07231D /* LyricModels.swift in Sources */ = {isa = PBXBuildFile; fileRef = 8FB64F204B9F782E7B0A0B8E /* LyricModels.swift */; };
		9E6D25F83FA1327C71F4AE89 /* ShakeDetector.swift in Sources */ = {isa = PBXBuildFile; fileRef = 217D3129539843C1C6FF2561 /* ShakeDetector.swift */; };
		A4111BA02045FE7C86DF1FDC /* Equalizer.swift in Sources */ = {isa = PBXBuildFile; fileRef = 1C42932DFE1E7FCC74205F5A /* Equalizer.swift */; };
		A490486B6E5180AD33049CC2 /* MusicWidget.swift in Sources */ = {isa = PBXBuildFile; fileRef = 568E38E8394DD7991060A1F8 /* MusicWidget.swift */; };
		A505EF17F347372D55FEB2F9 /* MusixmatchLyrics.swift in Sources */ = {isa = PBXBuildFile; fileRef = 3F79C7DC61F5939ABC60987C /* MusixmatchLyrics.swift */; };
		A5BD0660A183A97CB2B026D3 /* PlayerVolumeControlMode.swift in Sources */ = {isa = PBXBuildFile; fileRef = CC6876EB4FCD456CB7B8CE04 /* PlayerVolumeControlMode.swift */; };
		A5F21F722ABAAC97A313BD1B /* BlurHash.swift in Sources */ = {isa = PBXBuildFile; fileRef = 3B045CA79A95FCF8A824B28B /* BlurHash.swift */; };
		A692ACD6402BD082FD206324 /* ArtistAbout.swift in Sources */ = {isa = PBXBuildFile; fileRef = BBFD6C9B2B18F9E3062FB4BB /* ArtistAbout.swift */; };
		A6FFCB2184E339D4D3FAC0D6 /* TrackRow.swift in Sources */ = {isa = PBXBuildFile; fileRef = 38516273DA33B3418DAC7790 /* TrackRow.swift */; };
		A74D2341185790E3175CAA89 /* RecentTrack.swift in Sources */ = {isa = PBXBuildFile; fileRef = 6C87F17CCE93D6FBE77E1935 /* RecentTrack.swift */; };
		AA7866CDEC67E629C58F8834 /* NowPlayingTransportButtonStyle.swift in Sources */ = {isa = PBXBuildFile; fileRef = BA447EFFE1C6E3EBAFC91A37 /* NowPlayingTransportButtonStyle.swift */; };
		ACA647D419808494D4E56905 /* NowPlayingFlowingLightFields.swift in Sources */ = {isa = PBXBuildFile; fileRef = E488D03516D667FF17846298 /* NowPlayingFlowingLightFields.swift */; };
		ACF72C820628F9B59B008BC3 /* MusicLiveActivity.swift in Sources */ = {isa = PBXBuildFile; fileRef = 333D9AE9AFD026B30CCF2282 /* MusicLiveActivity.swift */; };
		AF542CE77A4ED02A43DC5AF2 /* SwingMusicApp.swift in Sources */ = {isa = PBXBuildFile; fileRef = AE7EFE85A8D628C277B61EF0 /* SwingMusicApp.swift */; };
		AFD6184A482CB129789B219A /* LyricRubyTextBuilder.swift in Sources */ = {isa = PBXBuildFile; fileRef = F100526DC3B282DFA61F8F77 /* LyricRubyTextBuilder.swift */; };
		B0CFAAF097FE7342DD548FD1 /* NowPlayingSongHeader.swift in Sources */ = {isa = PBXBuildFile; fileRef = 1B77B3E3CF3BED57E5F2238F /* NowPlayingSongHeader.swift */; };
		B1126F275CE6A70072E4EFC7 /* DownloadManager.swift in Sources */ = {isa = PBXBuildFile; fileRef = 147BA2C0B4FEE2E772D8559E /* DownloadManager.swift */; };
		B14E37F9C2D2CD6AA85A4DCC /* NowPlayingLyricsPage.swift in Sources */ = {isa = PBXBuildFile; fileRef = B7B0E610173FDA28AE2E966D /* NowPlayingLyricsPage.swift */; };
		B2C7838BB423B061F4274722 /* SwipeAction.swift in Sources */ = {isa = PBXBuildFile; fileRef = 44FFC4D585ACD79C9D3B83AD /* SwipeAction.swift */; };
		B386EE0938705A7D3F11EBBE /* NowPlayingBackground.swift in Sources */ = {isa = PBXBuildFile; fileRef = EA8C7A511CA532DD6F502E5F /* NowPlayingBackground.swift */; };
		B39F1E1C8FDAEA45DF4556DF /* Assets.xcassets in Resources */ = {isa = PBXBuildFile; fileRef = 23030EBEF4A33DC01CA6DF10 /* Assets.xcassets */; };
		B537A3A80EC5DA5831E2DD82 /* NowPlayingFlowingLightBackground.swift in Sources */ = {isa = PBXBuildFile; fileRef = 731C328CA5D320B95D125A45 /* NowPlayingFlowingLightBackground.swift */; };
		BBD846D5FA21C0069A1BBCF8 /* PlaylistImageGrid.swift in Sources */ = {isa = PBXBuildFile; fileRef = 25A7E823D770E58D8109568A /* PlaylistImageGrid.swift */; };
		BD0C492B6EE3B46935CFA982 /* ArtistDetailView.swift in Sources */ = {isa = PBXBuildFile; fileRef = 0E2807D936A12F886868F75A /* ArtistDetailView.swift */; };
		BEB43E921B4C4D54FF71ABA8 /* LyricsFontWeight.swift in Sources */ = {isa = PBXBuildFile; fileRef = DA50AD04AFF0B7EE4F424A1C /* LyricsFontWeight.swift */; };
		C01CBFDB450B0D2EA2F8F413 /* NowPlayingControls.swift in Sources */ = {isa = PBXBuildFile; fileRef = A1BB9D5691BF0A0E2C2353C0 /* NowPlayingControls.swift */; };
		C55369F89E8375F9E22BFC39 /* SearchView.swift in Sources */ = {isa = PBXBuildFile; fileRef = 4D2B7C78FD96866C6582069B /* SearchView.swift */; };
		C5BA6CCA3164812212F2A89D /* FavoritesView.swift in Sources */ = {isa = PBXBuildFile; fileRef = A4C35182BA1423448CFC1647 /* FavoritesView.swift */; };
		C6F1326FEC9911DED283D519 /* MusicLiveActivity.swift in Sources */ = {isa = PBXBuildFile; fileRef = 333D9AE9AFD026B30CCF2282 /* MusicLiveActivity.swift */; };
		C7E0915A0527B3C38740C4C9 /* DetailNative.swift in Sources */ = {isa = PBXBuildFile; fileRef = B5E5278DA822325D5B15E067 /* DetailNative.swift */; };
		C8D117BBE2389A8E116CA7BA /* SongCompat.swift in Sources */ = {isa = PBXBuildFile; fileRef = C472ED05D59B6411B2D0CA02 /* SongCompat.swift */; };
		CEAC5275F2D0ECB786132289 /* MixDetailView.swift in Sources */ = {isa = PBXBuildFile; fileRef = 53F600B3C2FB1EE05569CC30 /* MixDetailView.swift */; };
		D0B41D27F2294811DBD51A0F /* FolderBrowserView.swift in Sources */ = {isa = PBXBuildFile; fileRef = 7F857F1348F8F557922FBEBE /* FolderBrowserView.swift */; };
		D1CE7BE04AE12FC376E7B7CB /* LoginView.swift in Sources */ = {isa = PBXBuildFile; fileRef = E863DAF6FCDE7784214345EC /* LoginView.swift */; };
		D2EC9295036BFF0BE27F8F7C /* ContentView.swift in Sources */ = {isa = PBXBuildFile; fileRef = 7FD9296865CCCFCF99C83469 /* ContentView.swift */; };
		D3BC46515B80CCAA02AD4D8A /* PlayerScreenAwakeMode.swift in Sources */ = {isa = PBXBuildFile; fileRef = 3D2BBD45BF285C12E0AF858A /* PlayerScreenAwakeMode.swift */; };
		D85459B34EB94DF496E7DC47 /* MusicQualityStub.swift in Sources */ = {isa = PBXBuildFile; fileRef = 368AB4BD87597A1092A08FF3 /* MusicQualityStub.swift */; };
		DB3D022813261CD458393F8B /* PlaybackControlIntents.swift in Sources */ = {isa = PBXBuildFile; fileRef = AE8698F9C5EF1751399CC403 /* PlaybackControlIntents.swift */; };
		DE58965C5BD0BD529F09667A /* LyricsLongSyllableDetectionMode.swift in Sources */ = {isa = PBXBuildFile; fileRef = 68565B9C6B9A1FEAB5567E94 /* LyricsLongSyllableDetectionMode.swift */; };
		E44C163C631C6CF4FA38AB4D /* AMLLModel.swift in Sources */ = {isa = PBXBuildFile; fileRef = 7762AB52935BE4FD2AD68372 /* AMLLModel.swift */; };
		E529634D2F89559FCD2D0FBC /* ArtworkFlowingLightPalette.swift in Sources */ = {isa = PBXBuildFile; fileRef = 7AEAE9F597BF8F1C3555AEFE /* ArtworkFlowingLightPalette.swift */; };
		E7A371E72F9F70CD5910543B /* NowPlayingPortraitArtwork.swift in Sources */ = {isa = PBXBuildFile; fileRef = 0E409D6443684F1DED8E40C7 /* NowPlayingPortraitArtwork.swift */; };
		EAA606A29384F78A6EC09FBA /* PlaybackControlIntents.swift in Sources */ = {isa = PBXBuildFile; fileRef = AE8698F9C5EF1751399CC403 /* PlaybackControlIntents.swift */; };
		EBEFD3329C3FB0C7107E6377 /* LyricsProviders.swift in Sources */ = {isa = PBXBuildFile; fileRef = 5D3633833770A008D50E8C54 /* LyricsProviders.swift */; };
		EC9217DD09D1E1DDCC43422C /* DownloadsView.swift in Sources */ = {isa = PBXBuildFile; fileRef = E196435DC26450E0BE1D2261 /* DownloadsView.swift */; };
		ECB920D52018537459C0FDB4 /* AlbumCard.swift in Sources */ = {isa = PBXBuildFile; fileRef = 6D42E1AF0C8DCF7153AE49F9 /* AlbumCard.swift */; };
		EE37AA52B92BD0FC418B8F85 /* NowPlayingLandscapeView.swift in Sources */ = {isa = PBXBuildFile; fileRef = 5CB3B415951CA10E1825485D /* NowPlayingLandscapeView.swift */; };
		F1E47FD9094730D5F9B92C7B /* LyricsFormats.swift in Sources */ = {isa = PBXBuildFile; fileRef = 3F464EC11D8D06D24AB99785 /* LyricsFormats.swift */; };
		F240C5B22805CF986A7CD2EE /* AudioPlayer.swift in Sources */ = {isa = PBXBuildFile; fileRef = EB3D6D1C2E2F2AE9579A972D /* AudioPlayer.swift */; };
		F2CBEAA22289BDC805814CA1 /* PlayerSupport.swift in Sources */ = {isa = PBXBuildFile; fileRef = 4D842D42FB8F39E2246BD301 /* PlayerSupport.swift */; };
		F43AF761BB9C2F01936E634F /* ElasticSlider.swift in Sources */ = {isa = PBXBuildFile; fileRef = D9AA08B855DFB0038A01BF23 /* ElasticSlider.swift */; };
		F481A53CA707A8BFC485A51C /* AMLLLyricsView.swift in Sources */ = {isa = PBXBuildFile; fileRef = 758E1FDDD4BE7FB97FA0C697 /* AMLLLyricsView.swift */; };
		FB38CDE50A185684E4A9C215 /* DownloadControl.swift in Sources */ = {isa = PBXBuildFile; fileRef = EF2E93B61880EE876F027A51 /* DownloadControl.swift */; };
		FED6D9395EA79AD8B287BA78 /* NowPlayingArtworkPage.swift in Sources */ = {isa = PBXBuildFile; fileRef = FEF7C7A2AB25F761AE1A5940 /* NowPlayingArtworkPage.swift */; };
		08CC2A538CFF3884AEB9835C /* DownloadBookkeeping.swift in Sources */ = {isa = PBXBuildFile; fileRef = A30872995913768DF15F2C68 /* DownloadBookkeeping.swift */; };
		7594607CFF3D46D5DEBD6EF3 /* ArtistOfflineStore.swift in Sources */ = {isa = PBXBuildFile; fileRef = 6615E861A2D0794093C123C4 /* ArtistOfflineStore.swift */; };
		DC4C0227DC6C543E9EFF8039 /* Fixtures.swift in Sources */ = {isa = PBXBuildFile; fileRef = E7CFE1B292CB7854D83D8E21 /* Fixtures.swift */; };
		2661742A5DFCFC8EF41D3EDF /* DownloadBookkeepingTests.swift in Sources */ = {isa = PBXBuildFile; fileRef = 9C4E719E0FA784B4BCAA0A1D /* DownloadBookkeepingTests.swift */; };
		A3487D619B27F625A98A14C2 /* ArtistOfflineStoreTests.swift in Sources */ = {isa = PBXBuildFile; fileRef = 9D1E88ADF18F6C9A76CB3537 /* ArtistOfflineStoreTests.swift */; };
		24DFE11980BB28FC801D3659 /* PlaylistImageTests.swift in Sources */ = {isa = PBXBuildFile; fileRef = 57E50E3CB3DBD40707EBAE74 /* PlaylistImageTests.swift */; };
		C6F3368E3755D145B5A02072 /* TrackFavoriteTests.swift in Sources */ = {isa = PBXBuildFile; fileRef = 925F75C15C9C8B977B6627B6 /* TrackFavoriteTests.swift */; };
		7AA402406E2F0F6D847BABF5 /* MixArtworkTests.swift in Sources */ = {isa = PBXBuildFile; fileRef = 3661BB57C8518BA3AA446407 /* MixArtworkTests.swift */; };
		AAC2C1EB9CEC466C9DAA9E08 /* MixOfflineStoreTests.swift in Sources */ = {isa = PBXBuildFile; fileRef = 78BE13D1C1FE4AB38B9175DA /* MixOfflineStoreTests.swift */; };
		A5A42BDD6AE379128526AC2B /* ImageCacheTests.swift in Sources */ = {isa = PBXBuildFile; fileRef = B17058825A36831DE142881C /* ImageCacheTests.swift */; };
		49F3591CCCE4EB7CEB1BC189 /* AlbumStatsTests.swift in Sources */ = {isa = PBXBuildFile; fileRef = 2594A745A14807B71C1A8032 /* AlbumStatsTests.swift */; };
		8707304D00841EB889821477 /* FavoritesQueueTests.swift in Sources */ = {isa = PBXBuildFile; fileRef = 4B18F53B801F6D7EAF526F5F /* FavoritesQueueTests.swift */; };
		3E92DE0F11930AA9C293D1DB /* FavoritesHeaderTests.swift in Sources */ = {isa = PBXBuildFile; fileRef = C7E1D0BAA679B46E6C16867C /* FavoritesHeaderTests.swift */; };
		FC0D87A10A6B78DED124A4A3 /* MixOfflineStore.swift in Sources */ = {isa = PBXBuildFile; fileRef = 0A51CFC2D5D51840A1357BA3 /* MixOfflineStore.swift */; };
		904EB21E68505C35E9FD6C86 /* MixArtwork.swift in Sources */ = {isa = PBXBuildFile; fileRef = 9854AA384B8A4632939EE7C0 /* MixArtwork.swift */; };
/* End PBXBuildFile section */

/* Begin PBXContainerItemProxy section */
		DE9F99459956BF1B50CF1D9C /* PBXContainerItemProxy */ = {
			isa = PBXContainerItemProxy;
			containerPortal = 5896B5064D7211C14D393585 /* Project object */;
			proxyType = 1;
			remoteGlobalIDString = E42545C4AAA7F68D4FF438E1;
			remoteInfo = SwingMusicWidgetsExtension;
		};
		F4DAADB712CA1646004F936F /* PBXContainerItemProxy */ = {
			isa = PBXContainerItemProxy;
			containerPortal = 5896B5064D7211C14D393585 /* Project object */;
			proxyType = 1;
			remoteGlobalIDString = 868CA6D7B870CE83A88FEC02;
			remoteInfo = SwingMusic;
		};
/* End PBXContainerItemProxy section */

/* Begin PBXCopyFilesBuildPhase section */
		65F94435FBA304F6364F3E05 /* Embed Foundation Extensions */ = {
			isa = PBXCopyFilesBuildPhase;
			buildActionMask = 2147483647;
			dstPath = "";
			dstSubfolderSpec = 13;
			files = (
				1164A9335B26962DA076B824 /* SwingMusicWidgetsExtension.appex in Embed Foundation Extensions */,
			);
			name = "Embed Foundation Extensions";
			runOnlyForDeploymentPostprocessing = 0;
		};
		7EE65FD88DCA6110A7A375BD /* Embed Frameworks */ = {
			isa = PBXCopyFilesBuildPhase;
			buildActionMask = 2147483647;
			dstPath = "";
			dstSubfolderSpec = 10;
			files = (
				0977491AD69874A4CC061822 /* LNPopupUI in Embed Frameworks */,
			);
			name = "Embed Frameworks";
			runOnlyForDeploymentPostprocessing = 0;
		};
/* End PBXCopyFilesBuildPhase section */

/* Begin PBXFileReference section */
		011ADA806AD741F6F7E82129 /* PrivacyInfo.xcprivacy */ = {isa = PBXFileReference; path = PrivacyInfo.xcprivacy; sourceTree = "<group>"; };
		01EBB06F6166A8A11BA9D066 /* NowPlayingSongActions.swift */ = {isa = PBXFileReference; lastKnownFileType = sourcecode.swift; path = NowPlayingSongActions.swift; sourceTree = "<group>"; };
		06CFE3DCA6F67B8AB1722F2F /* PlayerStore.swift */ = {isa = PBXFileReference; lastKnownFileType = sourcecode.swift; path = PlayerStore.swift; sourceTree = "<group>"; };
		08E355F41AD301B797ADF3CA /* LyricsCrypto.swift */ = {isa = PBXFileReference; lastKnownFileType = sourcecode.swift; path = LyricsCrypto.swift; sourceTree = "<group>"; };
		093F6C464A591D2BFABE6558 /* FlowingLightPaletteBuilder.swift */ = {isa = PBXFileReference; lastKnownFileType = sourcecode.swift; path = FlowingLightPaletteBuilder.swift; sourceTree = "<group>"; };
		0D6A1CE5AA8C59445D6A82BB /* Log.swift */ = {isa = PBXFileReference; lastKnownFileType = sourcecode.swift; path = Log.swift; sourceTree = "<group>"; };
		0E2807D936A12F886868F75A /* ArtistDetailView.swift */ = {isa = PBXFileReference; lastKnownFileType = sourcecode.swift; path = ArtistDetailView.swift; sourceTree = "<group>"; };
		0E409D6443684F1DED8E40C7 /* NowPlayingPortraitArtwork.swift */ = {isa = PBXFileReference; lastKnownFileType = sourcecode.swift; path = NowPlayingPortraitArtwork.swift; sourceTree = "<group>"; };
		0F0C4FBA6A0E85F44458D409 /* LyricsMatcher.swift */ = {isa = PBXFileReference; lastKnownFileType = sourcecode.swift; path = LyricsMatcher.swift; sourceTree = "<group>"; };
		120802B560D583650C2A53DA /* Endpoints.swift */ = {isa = PBXFileReference; lastKnownFileType = sourcecode.swift; path = Endpoints.swift; sourceTree = "<group>"; };
		1250940564AB13A45D49807B /* AmbientBackground.swift */ = {isa = PBXFileReference; lastKnownFileType = sourcecode.swift; path = AmbientBackground.swift; sourceTree = "<group>"; };
		1329C8ACBEE78187F1844C5F /* ComponentExporter.swift */ = {isa = PBXFileReference; lastKnownFileType = sourcecode.swift; path = ComponentExporter.swift; sourceTree = "<group>"; };
		14287BB9AA212435A5A2A6C0 /* LyricsEmphasisStyle.swift */ = {isa = PBXFileReference; lastKnownFileType = sourcecode.swift; path = LyricsEmphasisStyle.swift; sourceTree = "<group>"; };
		143759B3FE4AD86B29293F9B /* Track.swift */ = {isa = PBXFileReference; lastKnownFileType = sourcecode.swift; path = Track.swift; sourceTree = "<group>"; };
		147BA2C0B4FEE2E772D8559E /* DownloadManager.swift */ = {isa = PBXFileReference; lastKnownFileType = sourcecode.swift; path = DownloadManager.swift; sourceTree = "<group>"; };
		156D413E192F928048EC419B /* APIClient.swift */ = {isa = PBXFileReference; lastKnownFileType = sourcecode.swift; path = APIClient.swift; sourceTree = "<group>"; };
		1B77B3E3CF3BED57E5F2238F /* NowPlayingSongHeader.swift */ = {isa = PBXFileReference; lastKnownFileType = sourcecode.swift; path = NowPlayingSongHeader.swift; sourceTree = "<group>"; };
		1C42932DFE1E7FCC74205F5A /* Equalizer.swift */ = {isa = PBXFileReference; lastKnownFileType = sourcecode.swift; path = Equalizer.swift; sourceTree = "<group>"; };
		217D3129539843C1C6FF2561 /* ShakeDetector.swift */ = {isa = PBXFileReference; lastKnownFileType = sourcecode.swift; path = ShakeDetector.swift; sourceTree = "<group>"; };
		23030EBEF4A33DC01CA6DF10 /* Assets.xcassets */ = {isa = PBXFileReference; lastKnownFileType = folder.assetcatalog; path = Assets.xcassets; sourceTree = "<group>"; };
		25A7E823D770E58D8109568A /* PlaylistImageGrid.swift */ = {isa = PBXFileReference; lastKnownFileType = sourcecode.swift; path = PlaylistImageGrid.swift; sourceTree = "<group>"; };
		2987D9B58CB7877CE12E85EA /* MeloXPlayerBridge.swift */ = {isa = PBXFileReference; lastKnownFileType = sourcecode.swift; path = MeloXPlayerBridge.swift; sourceTree = "<group>"; };
		299611C8E526DE7CA227F7CC /* PlayerBackgroundStyle.swift */ = {isa = PBXFileReference; lastKnownFileType = sourcecode.swift; path = PlayerBackgroundStyle.swift; sourceTree = "<group>"; };
		2F30A5D4B4803781048B9993 /* NowPlayingView.swift */ = {isa = PBXFileReference; lastKnownFileType = sourcecode.swift; path = NowPlayingView.swift; sourceTree = "<group>"; };
		30616FD40738DE88129D5132 /* AddToPlaylistSheet.swift */ = {isa = PBXFileReference; lastKnownFileType = sourcecode.swift; path = AddToPlaylistSheet.swift; sourceTree = "<group>"; };
		333D9AE9AFD026B30CCF2282 /* MusicLiveActivity.swift */ = {isa = PBXFileReference; lastKnownFileType = sourcecode.swift; path = MusicLiveActivity.swift; sourceTree = "<group>"; };
		368AB4BD87597A1092A08FF3 /* MusicQualityStub.swift */ = {isa = PBXFileReference; lastKnownFileType = sourcecode.swift; path = MusicQualityStub.swift; sourceTree = "<group>"; };
		374F8522D51FF1F3DE4C0A8C /* SwingMusicWidgetsExtension.appex */ = {isa = PBXFileReference; includeInIndex = 0; lastKnownFileType = "wrapper.app-extension"; path = SwingMusicWidgetsExtension.appex; sourceTree = BUILT_PRODUCTS_DIR; };
		38516273DA33B3418DAC7790 /* TrackRow.swift */ = {isa = PBXFileReference; lastKnownFileType = sourcecode.swift; path = TrackRow.swift; sourceTree = "<group>"; };
		39534673CD91E61FB99B75CC /* EqualizerSheet.swift */ = {isa = PBXFileReference; lastKnownFileType = sourcecode.swift; path = EqualizerSheet.swift; sourceTree = "<group>"; };
		3B045CA79A95FCF8A824B28B /* BlurHash.swift */ = {isa = PBXFileReference; lastKnownFileType = sourcecode.swift; path = BlurHash.swift; sourceTree = "<group>"; };
		3D2BBD45BF285C12E0AF858A /* PlayerScreenAwakeMode.swift */ = {isa = PBXFileReference; lastKnownFileType = sourcecode.swift; path = PlayerScreenAwakeMode.swift; sourceTree = "<group>"; };
		3F464EC11D8D06D24AB99785 /* LyricsFormats.swift */ = {isa = PBXFileReference; lastKnownFileType = sourcecode.swift; path = LyricsFormats.swift; sourceTree = "<group>"; };
		3F79C7DC61F5939ABC60987C /* MusixmatchLyrics.swift */ = {isa = PBXFileReference; lastKnownFileType = sourcecode.swift; path = MusixmatchLyrics.swift; sourceTree = "<group>"; };
		405734886322EC5D594C11F4 /* LDDCLyrics.swift */ = {isa = PBXFileReference; lastKnownFileType = sourcecode.swift; path = LDDCLyrics.swift; sourceTree = "<group>"; };
		427B538FB04B20F9CE607DC2 /* LyricHighlightRevealProgress.swift */ = {isa = PBXFileReference; lastKnownFileType = sourcecode.swift; path = LyricHighlightRevealProgress.swift; sourceTree = "<group>"; };
		43AA75BC9EA3B47A0CDAB872 /* ImageView.swift */ = {isa = PBXFileReference; lastKnownFileType = sourcecode.swift; path = ImageView.swift; sourceTree = "<group>"; };
		44FFC4D585ACD79C9D3B83AD /* SwipeAction.swift */ = {isa = PBXFileReference; lastKnownFileType = sourcecode.swift; path = SwipeAction.swift; sourceTree = "<group>"; };
		48308EE7B5F0FD25192C6D3E /* Info.plist */ = {isa = PBXFileReference; lastKnownFileType = text.plist; path = Info.plist; sourceTree = "<group>"; };
		4CF24C922D0C9FED57C90897 /* LyricWordSegmenter.swift */ = {isa = PBXFileReference; lastKnownFileType = sourcecode.swift; path = LyricWordSegmenter.swift; sourceTree = "<group>"; };
		4D2B7C78FD96866C6582069B /* SearchView.swift */ = {isa = PBXFileReference; lastKnownFileType = sourcecode.swift; path = SearchView.swift; sourceTree = "<group>"; };
		4D842D42FB8F39E2246BD301 /* PlayerSupport.swift */ = {isa = PBXFileReference; lastKnownFileType = sourcecode.swift; path = PlayerSupport.swift; sourceTree = "<group>"; };
		5091263D14F8D8CD0C29B619 /* ActivityManager.swift */ = {isa = PBXFileReference; lastKnownFileType = sourcecode.swift; path = ActivityManager.swift; sourceTree = "<group>"; };
		53B01DA9A5E1EC5E254FCD9B /* LyricGlowTextRenderer.swift */ = {isa = PBXFileReference; lastKnownFileType = sourcecode.swift; path = LyricGlowTextRenderer.swift; sourceTree = "<group>"; };
		53F600B3C2FB1EE05569CC30 /* MixDetailView.swift */ = {isa = PBXFileReference; lastKnownFileType = sourcecode.swift; path = MixDetailView.swift; sourceTree = "<group>"; };
		568E38E8394DD7991060A1F8 /* MusicWidget.swift */ = {isa = PBXFileReference; lastKnownFileType = sourcecode.swift; path = MusicWidget.swift; sourceTree = "<group>"; };
		5CB3B415951CA10E1825485D /* NowPlayingLandscapeView.swift */ = {isa = PBXFileReference; lastKnownFileType = sourcecode.swift; path = NowPlayingLandscapeView.swift; sourceTree = "<group>"; };
		5D3633833770A008D50E8C54 /* LyricsProviders.swift */ = {isa = PBXFileReference; lastKnownFileType = sourcecode.swift; path = LyricsProviders.swift; sourceTree = "<group>"; };
		6485B2CB2222CF1DAEF7FB7A /* NowPlayingQueuePage.swift */ = {isa = PBXFileReference; lastKnownFileType = sourcecode.swift; path = NowPlayingQueuePage.swift; sourceTree = "<group>"; };
		65D62C0420A65EA71256C7EE /* Keychain.swift */ = {isa = PBXFileReference; lastKnownFileType = sourcecode.swift; path = Keychain.swift; sourceTree = "<group>"; };
		68565B9C6B9A1FEAB5567E94 /* LyricsLongSyllableDetectionMode.swift */ = {isa = PBXFileReference; lastKnownFileType = sourcecode.swift; path = LyricsLongSyllableDetectionMode.swift; sourceTree = "<group>"; };
		6C87F17CCE93D6FBE77E1935 /* RecentTrack.swift */ = {isa = PBXFileReference; lastKnownFileType = sourcecode.swift; path = RecentTrack.swift; sourceTree = "<group>"; };
		6D42E1AF0C8DCF7153AE49F9 /* AlbumCard.swift */ = {isa = PBXFileReference; lastKnownFileType = sourcecode.swift; path = AlbumCard.swift; sourceTree = "<group>"; };
		731C328CA5D320B95D125A45 /* NowPlayingFlowingLightBackground.swift */ = {isa = PBXFileReference; lastKnownFileType = sourcecode.swift; path = NowPlayingFlowingLightBackground.swift; sourceTree = "<group>"; };
		758E1FDDD4BE7FB97FA0C697 /* AMLLLyricsView.swift */ = {isa = PBXFileReference; lastKnownFileType = sourcecode.swift; path = AMLLLyricsView.swift; sourceTree = "<group>"; };
		7762AB52935BE4FD2AD68372 /* AMLLModel.swift */ = {isa = PBXFileReference; lastKnownFileType = sourcecode.swift; path = AMLLModel.swift; sourceTree = "<group>"; };
		7AEAE9F597BF8F1C3555AEFE /* ArtworkFlowingLightPalette.swift */ = {isa = PBXFileReference; lastKnownFileType = sourcecode.swift; path = ArtworkFlowingLightPalette.swift; sourceTree = "<group>"; };
		7B860EC2CBF8C7415F1335F0 /* PerformanceTracer.swift */ = {isa = PBXFileReference; lastKnownFileType = sourcecode.swift; path = PerformanceTracer.swift; sourceTree = "<group>"; };
		7D5B577FC189E8C874456F53 /* SwingMusic.app */ = {isa = PBXFileReference; includeInIndex = 0; lastKnownFileType = wrapper.application; path = SwingMusic.app; sourceTree = BUILT_PRODUCTS_DIR; };
		7F857F1348F8F557922FBEBE /* FolderBrowserView.swift */ = {isa = PBXFileReference; lastKnownFileType = sourcecode.swift; path = FolderBrowserView.swift; sourceTree = "<group>"; };
		7FABE5AE4BB6B6EA38565BC4 /* HomeView.swift */ = {isa = PBXFileReference; lastKnownFileType = sourcecode.swift; path = HomeView.swift; sourceTree = "<group>"; };
		7FD9296865CCCFCF99C83469 /* ContentView.swift */ = {isa = PBXFileReference; lastKnownFileType = sourcecode.swift; path = ContentView.swift; sourceTree = "<group>"; };
		82C1F53629AA76AF6BD1F113 /* RepeatMode.swift */ = {isa = PBXFileReference; lastKnownFileType = sourcecode.swift; path = RepeatMode.swift; sourceTree = "<group>"; };
		83B3F7932BD64294175D0171 /* Helpers.swift */ = {isa = PBXFileReference; lastKnownFileType = sourcecode.swift; path = Helpers.swift; sourceTree = "<group>"; };
		85232031BABBF8C394AB1BEE /* ExplicitBadge.swift */ = {isa = PBXFileReference; lastKnownFileType = sourcecode.swift; path = ExplicitBadge.swift; sourceTree = "<group>"; };
		8587BA2B39FEC4C36BA1ECA0 /* LyricsTranslationDisplayMode.swift */ = {isa = PBXFileReference; lastKnownFileType = sourcecode.swift; path = LyricsTranslationDisplayMode.swift; sourceTree = "<group>"; };
		89C5D51E56AC923B6EFE6E78 /* SwingMusic.entitlements */ = {isa = PBXFileReference; lastKnownFileType = text.plist.entitlements; path = SwingMusic.entitlements; sourceTree = "<group>"; };
		8FB64F204B9F782E7B0A0B8E /* LyricModels.swift */ = {isa = PBXFileReference; lastKnownFileType = sourcecode.swift; path = LyricModels.swift; sourceTree = "<group>"; };
		8FBBD295F2B904EE2F8F5975 /* SleepTimer.swift */ = {isa = PBXFileReference; lastKnownFileType = sourcecode.swift; path = SleepTimer.swift; sourceTree = "<group>"; };
		90CD13576A231B243958C2E6 /* SwingMusicWidgetExtension.entitlements */ = {isa = PBXFileReference; lastKnownFileType = text.plist.entitlements; path = SwingMusicWidgetExtension.entitlements; sourceTree = "<group>"; };
		90D29D699E211A2EAFABDAF6 /* LyricLongToneEmphasis.swift */ = {isa = PBXFileReference; lastKnownFileType = sourcecode.swift; path = LyricLongToneEmphasis.swift; sourceTree = "<group>"; };
		938B7F92F9D2AFAEBCD123EA /* LyricsStyle.swift */ = {isa = PBXFileReference; lastKnownFileType = sourcecode.swift; path = LyricsStyle.swift; sourceTree = "<group>"; };
		949D632C9147739ABBD44963 /* LyricsLiftMode.swift */ = {isa = PBXFileReference; lastKnownFileType = sourcecode.swift; path = LyricsLiftMode.swift; sourceTree = "<group>"; };
		9593CA86F8D712C3F66B386E /* LyricRomanizationAligner.swift */ = {isa = PBXFileReference; lastKnownFileType = sourcecode.swift; path = LyricRomanizationAligner.swift; sourceTree = "<group>"; };
		98CF3A7512424F8AAD4C3215 /* BugReport.swift */ = {isa = PBXFileReference; lastKnownFileType = sourcecode.swift; path = BugReport.swift; sourceTree = "<group>"; };
		9AB6F9D51982A6E5E6006E48 /* AdaptiveDetailBackground.swift */ = {isa = PBXFileReference; lastKnownFileType = sourcecode.swift; path = AdaptiveDetailBackground.swift; sourceTree = "<group>"; };
		A0B1849A4B43FDE998477DCD /* MusicActivity.swift */ = {isa = PBXFileReference; lastKnownFileType = sourcecode.swift; path = MusicActivity.swift; sourceTree = "<group>"; };
		A1BB9D5691BF0A0E2C2353C0 /* NowPlayingControls.swift */ = {isa = PBXFileReference; lastKnownFileType = sourcecode.swift; path = NowPlayingControls.swift; sourceTree = "<group>"; };
		A4C35182BA1423448CFC1647 /* FavoritesView.swift */ = {isa = PBXFileReference; lastKnownFileType = sourcecode.swift; path = FavoritesView.swift; sourceTree = "<group>"; };
		A4D8066B9F32F9D800B9B7A4 /* ScrobbleQueue.swift */ = {isa = PBXFileReference; lastKnownFileType = sourcecode.swift; path = ScrobbleQueue.swift; sourceTree = "<group>"; };
		A62DB69DC05BE11EC4A823BA /* NowPlayingLyricsLanguageButton.swift */ = {isa = PBXFileReference; lastKnownFileType = sourcecode.swift; path = NowPlayingLyricsLanguageButton.swift; sourceTree = "<group>"; };
		A6F4E5465277077731AD63E3 /* AMLLWordEmphasis.swift */ = {isa = PBXFileReference; lastKnownFileType = sourcecode.swift; path = AMLLWordEmphasis.swift; sourceTree = "<group>"; };
		A9E539CB5F619E224FDD8249 /* SleepTimerSheet.swift */ = {isa = PBXFileReference; lastKnownFileType = sourcecode.swift; path = SleepTimerSheet.swift; sourceTree = "<group>"; };
		AABF01DAD1399CC121EE0B75 /* NowPlayingInterfaceTransition.swift */ = {isa = PBXFileReference; lastKnownFileType = sourcecode.swift; path = NowPlayingInterfaceTransition.swift; sourceTree = "<group>"; };
		AB9853885AC733A2C617B4B3 /* Lyrics.swift */ = {isa = PBXFileReference; lastKnownFileType = sourcecode.swift; path = Lyrics.swift; sourceTree = "<group>"; };
		AE7EFE85A8D628C277B61EF0 /* SwingMusicApp.swift */ = {isa = PBXFileReference; lastKnownFileType = sourcecode.swift; path = SwingMusicApp.swift; sourceTree = "<group>"; };
		AE8698F9C5EF1751399CC403 /* PlaybackControlIntents.swift */ = {isa = PBXFileReference; lastKnownFileType = sourcecode.swift; path = PlaybackControlIntents.swift; sourceTree = "<group>"; };
		AF6DD9C2EBD870BC80508F36 /* LyricsBridge.swift */ = {isa = PBXFileReference; lastKnownFileType = sourcecode.swift; path = LyricsBridge.swift; sourceTree = "<group>"; };
		B04D012C5E7C5C0BB68A7A02 /* NowPlayingPageTransition.swift */ = {isa = PBXFileReference; lastKnownFileType = sourcecode.swift; path = NowPlayingPageTransition.swift; sourceTree = "<group>"; };
		B29695294B61881D1ECC23C1 /* AlbumDetailView.swift */ = {isa = PBXFileReference; lastKnownFileType = sourcecode.swift; path = AlbumDetailView.swift; sourceTree = "<group>"; };
		B5E5278DA822325D5B15E067 /* DetailNative.swift */ = {isa = PBXFileReference; lastKnownFileType = sourcecode.swift; path = DetailNative.swift; sourceTree = "<group>"; };
		B7B0E610173FDA28AE2E966D /* NowPlayingLyricsPage.swift */ = {isa = PBXFileReference; lastKnownFileType = sourcecode.swift; path = NowPlayingLyricsPage.swift; sourceTree = "<group>"; };
		B879BEA3AB1F1C837D13DB59 /* NowPlayingRhythmicVignette.swift */ = {isa = PBXFileReference; lastKnownFileType = sourcecode.swift; path = NowPlayingRhythmicVignette.swift; sourceTree = "<group>"; };
		B9D107FB20908FBD8A215E80 /* SettingsView.swift */ = {isa = PBXFileReference; lastKnownFileType = sourcecode.swift; path = SettingsView.swift; sourceTree = "<group>"; };
		BA447EFFE1C6E3EBAFC91A37 /* NowPlayingTransportButtonStyle.swift */ = {isa = PBXFileReference; lastKnownFileType = sourcecode.swift; path = NowPlayingTransportButtonStyle.swift; sourceTree = "<group>"; };
		BBFD6C9B2B18F9E3062FB4BB /* ArtistAbout.swift */ = {isa = PBXFileReference; lastKnownFileType = sourcecode.swift; path = ArtistAbout.swift; sourceTree = "<group>"; };
		BC01E0AC713B3F31917982B4 /* LyricLineFitting.swift */ = {isa = PBXFileReference; lastKnownFileType = sourcecode.swift; path = LyricLineFitting.swift; sourceTree = "<group>"; };
		BF3EB2D533EDC4E7CC64FBC1 /* BugReportSheet.swift */ = {isa = PBXFileReference; lastKnownFileType = sourcecode.swift; path = BugReportSheet.swift; sourceTree = "<group>"; };
		BFE0E05D1CF4C46F4C37967C /* WidgetDebugPreview.swift */ = {isa = PBXFileReference; lastKnownFileType = sourcecode.swift; path = WidgetDebugPreview.swift; sourceTree = "<group>"; };
		C16C8880DC49EDC3AAF98DED /* NowPlayingBottomControls.swift */ = {isa = PBXFileReference; lastKnownFileType = sourcecode.swift; path = NowPlayingBottomControls.swift; sourceTree = "<group>"; };
		C472ED05D59B6411B2D0CA02 /* SongCompat.swift */ = {isa = PBXFileReference; lastKnownFileType = sourcecode.swift; path = SongCompat.swift; sourceTree = "<group>"; };
		C6A35F3857C0CF66757645FC /* LyricRubyLayout.swift */ = {isa = PBXFileReference; lastKnownFileType = sourcecode.swift; path = LyricRubyLayout.swift; sourceTree = "<group>"; };
		CA5DCAB1DCE22386D3368BEF /* AlbumsGridView.swift */ = {isa = PBXFileReference; lastKnownFileType = sourcecode.swift; path = AlbumsGridView.swift; sourceTree = "<group>"; };
		CC6876EB4FCD456CB7B8CE04 /* PlayerVolumeControlMode.swift */ = {isa = PBXFileReference; lastKnownFileType = sourcecode.swift; path = PlayerVolumeControlMode.swift; sourceTree = "<group>"; };
		D9AA08B855DFB0038A01BF23 /* ElasticSlider.swift */ = {isa = PBXFileReference; lastKnownFileType = sourcecode.swift; path = ElasticSlider.swift; sourceTree = "<group>"; };
		DA50AD04AFF0B7EE4F424A1C /* LyricsFontWeight.swift */ = {isa = PBXFileReference; lastKnownFileType = sourcecode.swift; path = LyricsFontWeight.swift; sourceTree = "<group>"; };
		DCB8669EA3449F97EE517F88 /* FlowingLightMotionField.swift */ = {isa = PBXFileReference; lastKnownFileType = sourcecode.swift; path = FlowingLightMotionField.swift; sourceTree = "<group>"; };
		E196435DC26450E0BE1D2261 /* DownloadsView.swift */ = {isa = PBXFileReference; lastKnownFileType = sourcecode.swift; path = DownloadsView.swift; sourceTree = "<group>"; };
		E488D03516D667FF17846298 /* NowPlayingFlowingLightFields.swift */ = {isa = PBXFileReference; lastKnownFileType = sourcecode.swift; path = NowPlayingFlowingLightFields.swift; sourceTree = "<group>"; };
		E863DAF6FCDE7784214345EC /* LoginView.swift */ = {isa = PBXFileReference; lastKnownFileType = sourcecode.swift; path = LoginView.swift; sourceTree = "<group>"; };
		E95E4D7B32515EFBD12E5AD4 /* SwingMusicWidgetsBundle.swift */ = {isa = PBXFileReference; lastKnownFileType = sourcecode.swift; path = SwingMusicWidgetsBundle.swift; sourceTree = "<group>"; };
		EA8C7A511CA532DD6F502E5F /* NowPlayingBackground.swift */ = {isa = PBXFileReference; lastKnownFileType = sourcecode.swift; path = NowPlayingBackground.swift; sourceTree = "<group>"; };
		EB0B19483117557D4110FA32 /* AppState.swift */ = {isa = PBXFileReference; lastKnownFileType = sourcecode.swift; path = AppState.swift; sourceTree = "<group>"; };
		EB3D6D1C2E2F2AE9579A972D /* AudioPlayer.swift */ = {isa = PBXFileReference; lastKnownFileType = sourcecode.swift; path = AudioPlayer.swift; sourceTree = "<group>"; };
		EF2E93B61880EE876F027A51 /* DownloadControl.swift */ = {isa = PBXFileReference; lastKnownFileType = sourcecode.swift; path = DownloadControl.swift; sourceTree = "<group>"; };
		F100526DC3B282DFA61F8F77 /* LyricRubyTextBuilder.swift */ = {isa = PBXFileReference; lastKnownFileType = sourcecode.swift; path = LyricRubyTextBuilder.swift; sourceTree = "<group>"; };
		F54AFABE5018FABBEE21FC85 /* Info.plist */ = {isa = PBXFileReference; lastKnownFileType = text.plist; path = Info.plist; sourceTree = "<group>"; };
		F60938E65E9871A0E62C87D8 /* AppSettings.swift */ = {isa = PBXFileReference; lastKnownFileType = sourcecode.swift; path = AppSettings.swift; sourceTree = "<group>"; };
		F82D1F54EDB19443A2087E9B /* LibraryView.swift */ = {isa = PBXFileReference; lastKnownFileType = sourcecode.swift; path = LibraryView.swift; sourceTree = "<group>"; };
		F9BCA4D49659849D2100214F /* PlaylistDetailView.swift */ = {isa = PBXFileReference; lastKnownFileType = sourcecode.swift; path = PlaylistDetailView.swift; sourceTree = "<group>"; };
		FBA7CE90E220DC32E9963928 /* AutoMix.swift */ = {isa = PBXFileReference; lastKnownFileType = sourcecode.swift; path = AutoMix.swift; sourceTree = "<group>"; };
		FEF7C7A2AB25F761AE1A5940 /* NowPlayingArtworkPage.swift */ = {isa = PBXFileReference; lastKnownFileType = sourcecode.swift; path = NowPlayingArtworkPage.swift; sourceTree = "<group>"; };
		FF7B53B9B15A3FC6E96FB923 /* RecentlyPlayedWidget.swift */ = {isa = PBXFileReference; lastKnownFileType = sourcecode.swift; path = RecentlyPlayedWidget.swift; sourceTree = "<group>"; };
		A30872995913768DF15F2C68 /* DownloadBookkeeping.swift */ = {isa = PBXFileReference; lastKnownFileType = sourcecode.swift; path = DownloadBookkeeping.swift; sourceTree = "<group>"; };
		6615E861A2D0794093C123C4 /* ArtistOfflineStore.swift */ = {isa = PBXFileReference; lastKnownFileType = sourcecode.swift; path = ArtistOfflineStore.swift; sourceTree = "<group>"; };
		E7CFE1B292CB7854D83D8E21 /* Fixtures.swift */ = {isa = PBXFileReference; lastKnownFileType = sourcecode.swift; path = Fixtures.swift; sourceTree = "<group>"; };
		9C4E719E0FA784B4BCAA0A1D /* DownloadBookkeepingTests.swift */ = {isa = PBXFileReference; lastKnownFileType = sourcecode.swift; path = DownloadBookkeepingTests.swift; sourceTree = "<group>"; };
		9D1E88ADF18F6C9A76CB3537 /* ArtistOfflineStoreTests.swift */ = {isa = PBXFileReference; lastKnownFileType = sourcecode.swift; path = ArtistOfflineStoreTests.swift; sourceTree = "<group>"; };
		57E50E3CB3DBD40707EBAE74 /* PlaylistImageTests.swift */ = {isa = PBXFileReference; lastKnownFileType = sourcecode.swift; path = PlaylistImageTests.swift; sourceTree = "<group>"; };
		925F75C15C9C8B977B6627B6 /* TrackFavoriteTests.swift */ = {isa = PBXFileReference; lastKnownFileType = sourcecode.swift; path = TrackFavoriteTests.swift; sourceTree = "<group>"; };
		AAE271CF6DD5869BFB07E63F /* SwingMusicTests.xctest */ = {isa = PBXFileReference; explicitFileType = wrapper.cfbundle; includeInIndex = 0; path = SwingMusicTests.xctest; sourceTree = BUILT_PRODUCTS_DIR; };
		3661BB57C8518BA3AA446407 /* MixArtworkTests.swift */ = {isa = PBXFileReference; lastKnownFileType = sourcecode.swift; path = MixArtworkTests.swift; sourceTree = "<group>"; };
		78BE13D1C1FE4AB38B9175DA /* MixOfflineStoreTests.swift */ = {isa = PBXFileReference; lastKnownFileType = sourcecode.swift; path = MixOfflineStoreTests.swift; sourceTree = "<group>"; };
		B17058825A36831DE142881C /* ImageCacheTests.swift */ = {isa = PBXFileReference; lastKnownFileType = sourcecode.swift; path = ImageCacheTests.swift; sourceTree = "<group>"; };
		2594A745A14807B71C1A8032 /* AlbumStatsTests.swift */ = {isa = PBXFileReference; lastKnownFileType = sourcecode.swift; path = AlbumStatsTests.swift; sourceTree = "<group>"; };
		4B18F53B801F6D7EAF526F5F /* FavoritesQueueTests.swift */ = {isa = PBXFileReference; lastKnownFileType = sourcecode.swift; path = FavoritesQueueTests.swift; sourceTree = "<group>"; };
		C7E1D0BAA679B46E6C16867C /* FavoritesHeaderTests.swift */ = {isa = PBXFileReference; lastKnownFileType = sourcecode.swift; path = FavoritesHeaderTests.swift; sourceTree = "<group>"; };
		0A51CFC2D5D51840A1357BA3 /* MixOfflineStore.swift */ = {isa = PBXFileReference; lastKnownFileType = sourcecode.swift; path = MixOfflineStore.swift; sourceTree = "<group>"; };
		9854AA384B8A4632939EE7C0 /* MixArtwork.swift */ = {isa = PBXFileReference; lastKnownFileType = sourcecode.swift; path = MixArtwork.swift; sourceTree = "<group>"; };
/* End PBXFileReference section */

/* Begin PBXFrameworksBuildPhase section */
		9670BBC7BD8ADC0DFF9D96E6 /* Frameworks */ = {
			isa = PBXFrameworksBuildPhase;
			buildActionMask = 2147483647;
			files = (
				9C881951EA96943F082223C2 /* LNPopupUI in Frameworks */,
			);
			runOnlyForDeploymentPostprocessing = 0;
		};
		8ABAC6BC10A5326E529CACC3 /* Frameworks */ = {
			isa = PBXFrameworksBuildPhase;
			buildActionMask = 2147483647;
			files = (
			);
			runOnlyForDeploymentPostprocessing = 0;
		};
/* End PBXFrameworksBuildPhase section */

/* Begin PBXGroup section */
		003BA5FBB8DA47E181E2032F /* Diagnostics */ = {
			isa = PBXGroup;
			children = (
				BF3EB2D533EDC4E7CC64FBC1 /* BugReportSheet.swift */,
			);
			path = Diagnostics;
			sourceTree = "<group>";
		};
		004E513E7B5FBEDE40C0291E /* Settings */ = {
			isa = PBXGroup;
			children = (
				B9D107FB20908FBD8A215E80 /* SettingsView.swift */,
			);
			path = Settings;
			sourceTree = "<group>";
		};
		07FB483D9D2C27D906CE75CB /* AMLL */ = {
			isa = PBXGroup;
			children = (
				A6F4E5465277077731AD63E3 /* AMLLWordEmphasis.swift */,
				14287BB9AA212435A5A2A6C0 /* LyricsEmphasisStyle.swift */,
			);
			path = AMLL;
			sourceTree = "<group>";
		};
		1EC1F4723EA014390402EACA /* Diagnostics */ = {
			isa = PBXGroup;
			children = (
				98CF3A7512424F8AAD4C3215 /* BugReport.swift */,
				0D6A1CE5AA8C59445D6A82BB /* Log.swift */,
				217D3129539843C1C6FF2561 /* ShakeDetector.swift */,
			);
			path = Diagnostics;
			sourceTree = "<group>";
		};
		2B60EB2FBE9CC44C1579EB72 /* Views */ = {
			isa = PBXGroup;
			children = (
				7FD9296865CCCFCF99C83469 /* ContentView.swift */,
				85B5A536CF0B454CA916D436 /* Components */,
				F94A381BD93451F641A63CFD /* Detail */,
				003BA5FBB8DA47E181E2032F /* Diagnostics */,
				E401E72535E9E5456256A227 /* Home */,
				A2D2C614417B440394B9E548 /* Library */,
				4187490D7A14910C13EF25FB /* Login */,
				B7FDFA8B2F9BF86018120A66 /* Lyrics */,
				9B31592FB66B91BC0AC152EA /* NowPlaying */,
				568D06F2A76FD97694AAA316 /* Search */,
				004E513E7B5FBEDE40C0291E /* Settings */,
			);
			path = Views;
			sourceTree = "<group>";
		};
		2F3D35C29FF33188494CFED9 /* Products */ = {
			isa = PBXGroup;
			children = (
				7D5B577FC189E8C874456F53 /* SwingMusic.app */,
				374F8522D51FF1F3DE4C0A8C /* SwingMusicWidgetsExtension.appex */,
				AAE271CF6DD5869BFB07E63F /* SwingMusicTests.xctest */,
			);
			name = Products;
			sourceTree = "<group>";
		};
		3305ED228737447DDE32C980 /* Models */ = {
			isa = PBXGroup;
			children = (
				AB9853885AC733A2C617B4B3 /* Lyrics.swift */,
				143759B3FE4AD86B29293F9B /* Track.swift */,
			);
			path = Models;
			sourceTree = "<group>";
		};
		35176F6CBB87B3D319F9EDF7 /* Resources */ = {
			isa = PBXGroup;
			children = (
			);
			path = Resources;
			sourceTree = "<group>";
		};
		3DD9DADECD3221DC449D610B /* Network */ = {
			isa = PBXGroup;
			children = (
				156D413E192F928048EC419B /* APIClient.swift */,
				120802B560D583650C2A53DA /* Endpoints.swift */,
				65D62C0420A65EA71256C7EE /* Keychain.swift */,
				3F79C7DC61F5939ABC60987C /* MusixmatchLyrics.swift */,
				F0623CD37D471BE35130D768 /* Lyrics */,
			);
			path = Network;
			sourceTree = "<group>";
		};
		4187490D7A14910C13EF25FB /* Login */ = {
			isa = PBXGroup;
			children = (
				E863DAF6FCDE7784214345EC /* LoginView.swift */,
			);
			path = Login;
			sourceTree = "<group>";
		};
		451787FB04C4F9B56B2ACBAE /* SwingMusicWidgetExtension */ = {
			isa = PBXGroup;
			children = (
				48308EE7B5F0FD25192C6D3E /* Info.plist */,
				90CD13576A231B243958C2E6 /* SwingMusicWidgetExtension.entitlements */,
				E95E4D7B32515EFBD12E5AD4 /* SwingMusicWidgetsBundle.swift */,
			);
			path = SwingMusicWidgetExtension;
			sourceTree = "<group>";
		};
		5284314EA83F3384DE7816AF /* NativeAMLL */ = {
			isa = PBXGroup;
			children = (
				758E1FDDD4BE7FB97FA0C697 /* AMLLLyricsView.swift */,
				7762AB52935BE4FD2AD68372 /* AMLLModel.swift */,
			);
			path = NativeAMLL;
			sourceTree = "<group>";
		};
		568D06F2A76FD97694AAA316 /* Search */ = {
			isa = PBXGroup;
			children = (
				4D2B7C78FD96866C6582069B /* SearchView.swift */,
			);
			path = Search;
			sourceTree = "<group>";
		};
		6F71B1EA61D6A08A634CEA4A /* Widget */ = {
			isa = PBXGroup;
			children = (
				568E38E8394DD7991060A1F8 /* MusicWidget.swift */,
				FF7B53B9B15A3FC6E96FB923 /* RecentlyPlayedWidget.swift */,
			);
			path = Widget;
			sourceTree = "<group>";
		};
		79F77E321F7B31EBE95DF8B3 /* Player */ = {
			isa = PBXGroup;
			children = (
				EB3D6D1C2E2F2AE9579A972D /* AudioPlayer.swift */,
				FBA7CE90E220DC32E9963928 /* AutoMix.swift */,
				147BA2C0B4FEE2E772D8559E /* DownloadManager.swift */,
				A30872995913768DF15F2C68 /* DownloadBookkeeping.swift */,
				6615E861A2D0794093C123C4 /* ArtistOfflineStore.swift */,
				0A51CFC2D5D51840A1357BA3 /* MixOfflineStore.swift */,
				1C42932DFE1E7FCC74205F5A /* Equalizer.swift */,
				A4D8066B9F32F9D800B9B7A4 /* ScrobbleQueue.swift */,
				8FBBD295F2B904EE2F8F5975 /* SleepTimer.swift */,
			);
			path = Player;
			sourceTree = "<group>";
		};
		85B5A536CF0B454CA916D436 /* Components */ = {
			isa = PBXGroup;
			children = (
				9AB6F9D51982A6E5E6006E48 /* AdaptiveDetailBackground.swift */,
				30616FD40738DE88129D5132 /* AddToPlaylistSheet.swift */,
				6D42E1AF0C8DCF7153AE49F9 /* AlbumCard.swift */,
				9854AA384B8A4632939EE7C0 /* MixArtwork.swift */,
				1250940564AB13A45D49807B /* AmbientBackground.swift */,
				1329C8ACBEE78187F1844C5F /* ComponentExporter.swift */,
				EF2E93B61880EE876F027A51 /* DownloadControl.swift */,
				D9AA08B855DFB0038A01BF23 /* ElasticSlider.swift */,
				85232031BABBF8C394AB1BEE /* ExplicitBadge.swift */,
				43AA75BC9EA3B47A0CDAB872 /* ImageView.swift */,
				7B860EC2CBF8C7415F1335F0 /* PerformanceTracer.swift */,
				25A7E823D770E58D8109568A /* PlaylistImageGrid.swift */,
				44FFC4D585ACD79C9D3B83AD /* SwipeAction.swift */,
				38516273DA33B3418DAC7790 /* TrackRow.swift */,
				BFE0E05D1CF4C46F4C37967C /* WidgetDebugPreview.swift */,
			);
			path = Components;
			sourceTree = "<group>";
		};
		9B31592FB66B91BC0AC152EA /* NowPlaying */ = {
			isa = PBXGroup;
			children = (
				39534673CD91E61FB99B75CC /* EqualizerSheet.swift */,
				4D842D42FB8F39E2246BD301 /* PlayerSupport.swift */,
				A9E539CB5F619E224FDD8249 /* SleepTimerSheet.swift */,
				D56867F066C858296F8221CB /* MeloXBackground */,
				ADA379A3837547161EB89ECE /* MeloXPlayer */,
			);
			path = NowPlaying;
			sourceTree = "<group>";
		};
		A148873D7F4FA825D88FD71F /* SwingMusic */ = {
			isa = PBXGroup;
			children = (
				23030EBEF4A33DC01CA6DF10 /* Assets.xcassets */,
				F54AFABE5018FABBEE21FC85 /* Info.plist */,
				011ADA806AD741F6F7E82129 /* PrivacyInfo.xcprivacy */,
				89C5D51E56AC923B6EFE6E78 /* SwingMusic.entitlements */,
				AE7EFE85A8D628C277B61EF0 /* SwingMusicApp.swift */,
				1EC1F4723EA014390402EACA /* Diagnostics */,
				F0DC3F3175F8A83897AB11C5 /* Extensions */,
				B369B24C570C60D5960E0479 /* LiveActivity */,
				3305ED228737447DDE32C980 /* Models */,
				3DD9DADECD3221DC449D610B /* Network */,
				79F77E321F7B31EBE95DF8B3 /* Player */,
				35176F6CBB87B3D319F9EDF7 /* Resources */,
				B41F35C0FAB1895042BAD66A /* State */,
				2B60EB2FBE9CC44C1579EB72 /* Views */,
				6F71B1EA61D6A08A634CEA4A /* Widget */,
			);
			path = SwingMusic;
			sourceTree = "<group>";
		};
		A2D2C614417B440394B9E548 /* Library */ = {
			isa = PBXGroup;
			children = (
				CA5DCAB1DCE22386D3368BEF /* AlbumsGridView.swift */,
				E196435DC26450E0BE1D2261 /* DownloadsView.swift */,
				A4C35182BA1423448CFC1647 /* FavoritesView.swift */,
				7F857F1348F8F557922FBEBE /* FolderBrowserView.swift */,
				F82D1F54EDB19443A2087E9B /* LibraryView.swift */,
			);
			path = Library;
			sourceTree = "<group>";
		};
		ADA379A3837547161EB89ECE /* MeloXPlayer */ = {
			isa = PBXGroup;
			children = (
				938B7F92F9D2AFAEBCD123EA /* LyricsStyle.swift */,
				2987D9B58CB7877CE12E85EA /* MeloXPlayerBridge.swift */,
				368AB4BD87597A1092A08FF3 /* MusicQualityStub.swift */,
				FEF7C7A2AB25F761AE1A5940 /* NowPlayingArtworkPage.swift */,
				C16C8880DC49EDC3AAF98DED /* NowPlayingBottomControls.swift */,
				A1BB9D5691BF0A0E2C2353C0 /* NowPlayingControls.swift */,
				AABF01DAD1399CC121EE0B75 /* NowPlayingInterfaceTransition.swift */,
				5CB3B415951CA10E1825485D /* NowPlayingLandscapeView.swift */,
				A62DB69DC05BE11EC4A823BA /* NowPlayingLyricsLanguageButton.swift */,
				B7B0E610173FDA28AE2E966D /* NowPlayingLyricsPage.swift */,
				B04D012C5E7C5C0BB68A7A02 /* NowPlayingPageTransition.swift */,
				0E409D6443684F1DED8E40C7 /* NowPlayingPortraitArtwork.swift */,
				6485B2CB2222CF1DAEF7FB7A /* NowPlayingQueuePage.swift */,
				01EBB06F6166A8A11BA9D066 /* NowPlayingSongActions.swift */,
				1B77B3E3CF3BED57E5F2238F /* NowPlayingSongHeader.swift */,
				BA447EFFE1C6E3EBAFC91A37 /* NowPlayingTransportButtonStyle.swift */,
				2F30A5D4B4803781048B9993 /* NowPlayingView.swift */,
				299611C8E526DE7CA227F7CC /* PlayerBackgroundStyle.swift */,
				3D2BBD45BF285C12E0AF858A /* PlayerScreenAwakeMode.swift */,
				CC6876EB4FCD456CB7B8CE04 /* PlayerVolumeControlMode.swift */,
				82C1F53629AA76AF6BD1F113 /* RepeatMode.swift */,
			);
			path = MeloXPlayer;
			sourceTree = "<group>";
		};
		B369B24C570C60D5960E0479 /* LiveActivity */ = {
			isa = PBXGroup;
			children = (
				5091263D14F8D8CD0C29B619 /* ActivityManager.swift */,
				A0B1849A4B43FDE998477DCD /* MusicActivity.swift */,
				333D9AE9AFD026B30CCF2282 /* MusicLiveActivity.swift */,
				AE8698F9C5EF1751399CC403 /* PlaybackControlIntents.swift */,
				6C87F17CCE93D6FBE77E1935 /* RecentTrack.swift */,
			);
			path = LiveActivity;
			sourceTree = "<group>";
		};
		B41F35C0FAB1895042BAD66A /* State */ = {
			isa = PBXGroup;
			children = (
				EB0B19483117557D4110FA32 /* AppState.swift */,
			);
			path = State;
			sourceTree = "<group>";
		};
		B7FDFA8B2F9BF86018120A66 /* Lyrics */ = {
			isa = PBXGroup;
			children = (
				07FB483D9D2C27D906CE75CB /* AMLL */,
				D3BD41EFF4984284F9F6FA0E /* MeloXLyrics */,
				5284314EA83F3384DE7816AF /* NativeAMLL */,
			);
			path = Lyrics;
			sourceTree = "<group>";
		};
		D3BD41EFF4984284F9F6FA0E /* MeloXLyrics */ = {
			isa = PBXGroup;
			children = (
				F60938E65E9871A0E62C87D8 /* AppSettings.swift */,
				53B01DA9A5E1EC5E254FCD9B /* LyricGlowTextRenderer.swift */,
				427B538FB04B20F9CE607DC2 /* LyricHighlightRevealProgress.swift */,
				BC01E0AC713B3F31917982B4 /* LyricLineFitting.swift */,
				90D29D699E211A2EAFABDAF6 /* LyricLongToneEmphasis.swift */,
				8FB64F204B9F782E7B0A0B8E /* LyricModels.swift */,
				9593CA86F8D712C3F66B386E /* LyricRomanizationAligner.swift */,
				C6A35F3857C0CF66757645FC /* LyricRubyLayout.swift */,
				F100526DC3B282DFA61F8F77 /* LyricRubyTextBuilder.swift */,
				AF6DD9C2EBD870BC80508F36 /* LyricsBridge.swift */,
				DA50AD04AFF0B7EE4F424A1C /* LyricsFontWeight.swift */,
				949D632C9147739ABBD44963 /* LyricsLiftMode.swift */,
				68565B9C6B9A1FEAB5567E94 /* LyricsLongSyllableDetectionMode.swift */,
				8587BA2B39FEC4C36BA1ECA0 /* LyricsTranslationDisplayMode.swift */,
				4CF24C922D0C9FED57C90897 /* LyricWordSegmenter.swift */,
				06CFE3DCA6F67B8AB1722F2F /* PlayerStore.swift */,
				C472ED05D59B6411B2D0CA02 /* SongCompat.swift */,
			);
			path = MeloXLyrics;
			sourceTree = "<group>";
		};
		D56867F066C858296F8221CB /* MeloXBackground */ = {
			isa = PBXGroup;
			children = (
				7AEAE9F597BF8F1C3555AEFE /* ArtworkFlowingLightPalette.swift */,
				DCB8669EA3449F97EE517F88 /* FlowingLightMotionField.swift */,
				093F6C464A591D2BFABE6558 /* FlowingLightPaletteBuilder.swift */,
				EA8C7A511CA532DD6F502E5F /* NowPlayingBackground.swift */,
				731C328CA5D320B95D125A45 /* NowPlayingFlowingLightBackground.swift */,
				E488D03516D667FF17846298 /* NowPlayingFlowingLightFields.swift */,
				B879BEA3AB1F1C837D13DB59 /* NowPlayingRhythmicVignette.swift */,
			);
			path = MeloXBackground;
			sourceTree = "<group>";
		};
		E401E72535E9E5456256A227 /* Home */ = {
			isa = PBXGroup;
			children = (
				7FABE5AE4BB6B6EA38565BC4 /* HomeView.swift */,
			);
			path = Home;
			sourceTree = "<group>";
		};
		F0623CD37D471BE35130D768 /* Lyrics */ = {
			isa = PBXGroup;
			children = (
				405734886322EC5D594C11F4 /* LDDCLyrics.swift */,
				08E355F41AD301B797ADF3CA /* LyricsCrypto.swift */,
				3F464EC11D8D06D24AB99785 /* LyricsFormats.swift */,
				0F0C4FBA6A0E85F44458D409 /* LyricsMatcher.swift */,
				5D3633833770A008D50E8C54 /* LyricsProviders.swift */,
			);
			path = Lyrics;
			sourceTree = "<group>";
		};
		F0DC3F3175F8A83897AB11C5 /* Extensions */ = {
			isa = PBXGroup;
			children = (
				3B045CA79A95FCF8A824B28B /* BlurHash.swift */,
				83B3F7932BD64294175D0171 /* Helpers.swift */,
			);
			path = Extensions;
			sourceTree = "<group>";
		};
		F94A381BD93451F641A63CFD /* Detail */ = {
			isa = PBXGroup;
			children = (
				B29695294B61881D1ECC23C1 /* AlbumDetailView.swift */,
				BBFD6C9B2B18F9E3062FB4BB /* ArtistAbout.swift */,
				0E2807D936A12F886868F75A /* ArtistDetailView.swift */,
				B5E5278DA822325D5B15E067 /* DetailNative.swift */,
				53F600B3C2FB1EE05569CC30 /* MixDetailView.swift */,
				F9BCA4D49659849D2100214F /* PlaylistDetailView.swift */,
			);
			path = Detail;
			sourceTree = "<group>";
		};
		FCCA1622789B64172ECFA889 = {
			isa = PBXGroup;
			children = (
				A148873D7F4FA825D88FD71F /* SwingMusic */,
				451787FB04C4F9B56B2ACBAE /* SwingMusicWidgetExtension */,
				1C7A7959C929DA7194F7BCCE /* SwingMusicTests */,
				2F3D35C29FF33188494CFED9 /* Products */,
			);
			sourceTree = "<group>";
		};
		1C7A7959C929DA7194F7BCCE /* SwingMusicTests */ = {
			isa = PBXGroup;
			children = (
				E7CFE1B292CB7854D83D8E21 /* Fixtures.swift */,
				9C4E719E0FA784B4BCAA0A1D /* DownloadBookkeepingTests.swift */,
				9D1E88ADF18F6C9A76CB3537 /* ArtistOfflineStoreTests.swift */,
				C7E1D0BAA679B46E6C16867C /* FavoritesHeaderTests.swift */,
				4B18F53B801F6D7EAF526F5F /* FavoritesQueueTests.swift */,
				2594A745A14807B71C1A8032 /* AlbumStatsTests.swift */,
				B17058825A36831DE142881C /* ImageCacheTests.swift */,
				78BE13D1C1FE4AB38B9175DA /* MixOfflineStoreTests.swift */,
				3661BB57C8518BA3AA446407 /* MixArtworkTests.swift */,
				57E50E3CB3DBD40707EBAE74 /* PlaylistImageTests.swift */,
				925F75C15C9C8B977B6627B6 /* TrackFavoriteTests.swift */,
			);
			path = SwingMusicTests;
			sourceTree = "<group>";
		};
/* End PBXGroup section */

/* Begin PBXNativeTarget section */
		868CA6D7B870CE83A88FEC02 /* SwingMusic */ = {
			isa = PBXNativeTarget;
			buildConfigurationList = A21669B7DFA5D3C339BB7D46 /* Build configuration list for PBXNativeTarget "SwingMusic" */;
			buildPhases = (
				E5A0448B78FED910D936853A /* Sources */,
				DC7E03183655B8034651E2F1 /* Resources */,
				9670BBC7BD8ADC0DFF9D96E6 /* Frameworks */,
				65F94435FBA304F6364F3E05 /* Embed Foundation Extensions */,
				7EE65FD88DCA6110A7A375BD /* Embed Frameworks */,
			);
			buildRules = (
			);
			dependencies = (
				399D5FFEC6E69BB11F95D587 /* PBXTargetDependency */,
			);
			name = SwingMusic;
			packageProductDependencies = (
				15368644BE548FAAC6CAA968 /* LNPopupUI */,
			);
			productName = SwingMusic;
			productReference = 7D5B577FC189E8C874456F53 /* SwingMusic.app */;
			productType = "com.apple.product-type.application";
		};
		E42545C4AAA7F68D4FF438E1 /* SwingMusicWidgetsExtension */ = {
			isa = PBXNativeTarget;
			buildConfigurationList = 41B52B742BA866CA7B6A6925 /* Build configuration list for PBXNativeTarget "SwingMusicWidgetsExtension" */;
			buildPhases = (
				1D7939B1DAEBFB799BFD2806 /* Sources */,
			);
			buildRules = (
			);
			dependencies = (
			);
			name = SwingMusicWidgetsExtension;
			packageProductDependencies = (
			);
			productName = SwingMusicWidgetsExtension;
			productReference = 374F8522D51FF1F3DE4C0A8C /* SwingMusicWidgetsExtension.appex */;
			productType = "com.apple.product-type.app-extension";
		};
		09721917F95EB9465D2BF5F6 /* SwingMusicTests */ = {
			isa = PBXNativeTarget;
			buildConfigurationList = C9A3320EB645450B752E5929 /* Build configuration list for PBXNativeTarget "SwingMusicTests" */;
			buildPhases = (
				BD3F42585C9C1DCC1797AC54 /* Sources */,
				8ABAC6BC10A5326E529CACC3 /* Frameworks */,
			);
			buildRules = (
			);
			dependencies = (
				CC770BF5458C3B211D6F24FB /* PBXTargetDependency */,
			);
			name = SwingMusicTests;
			packageProductDependencies = (
			);
			productName = SwingMusicTests;
			productReference = AAE271CF6DD5869BFB07E63F /* SwingMusicTests.xctest */;
			productType = "com.apple.product-type.bundle.unit-test";
		};
/* End PBXNativeTarget section */

/* Begin PBXProject section */
		5896B5064D7211C14D393585 /* Project object */ = {
			isa = PBXProject;
			attributes = {
				BuildIndependentTargetsInParallel = YES;
				LastUpgradeCheck = 1430;
				TargetAttributes = {
					868CA6D7B870CE83A88FEC02 = {
						DevelopmentTeam = "";
						ProvisioningStyle = Automatic;
					};
					E42545C4AAA7F68D4FF438E1 = {
						DevelopmentTeam = "";
						ProvisioningStyle = Automatic;
					};
					09721917F95EB9465D2BF5F6 = {
						DevelopmentTeam = "";
						ProvisioningStyle = Automatic;
						TestTargetID = 868CA6D7B870CE83A88FEC02;
					};
				};
			};
			buildConfigurationList = 94AE37749F292339F737FC0F /* Build configuration list for PBXProject "SwingMusicApp" */;
			developmentRegion = en;
			hasScannedForEncodings = 0;
			knownRegions = (
				Base,
				en,
			);
			mainGroup = FCCA1622789B64172ECFA889;
			minimizedProjectReferenceProxies = 1;
			packageReferences = (
				62FA5D0DAA041D6BBBB01B58 /* XCRemoteSwiftPackageReference "LNPopupUI" */,
			);
			preferredProjectObjectVersion = 77;
			productRefGroup = 2F3D35C29FF33188494CFED9 /* Products */;
			projectDirPath = "";
			projectRoot = "";
			targets = (
				868CA6D7B870CE83A88FEC02 /* SwingMusic */,
				E42545C4AAA7F68D4FF438E1 /* SwingMusicWidgetsExtension */,
				09721917F95EB9465D2BF5F6 /* SwingMusicTests */,
			);
		};
/* End PBXProject section */

/* Begin PBXResourcesBuildPhase section */
		DC7E03183655B8034651E2F1 /* Resources */ = {
			isa = PBXResourcesBuildPhase;
			buildActionMask = 2147483647;
			files = (
				B39F1E1C8FDAEA45DF4556DF /* Assets.xcassets in Resources */,
				80F6E330DF3A0F9D29B0AF1C /* PrivacyInfo.xcprivacy in Resources */,
			);
			runOnlyForDeploymentPostprocessing = 0;
		};
/* End PBXResourcesBuildPhase section */

/* Begin PBXSourcesBuildPhase section */
		1D7939B1DAEBFB799BFD2806 /* Sources */ = {
			isa = PBXSourcesBuildPhase;
			buildActionMask = 2147483647;
			files = (
				701169DEB68A39AD775F305D /* Helpers.swift in Sources */,
				09D979CA0039DA1C2D5A4AB4 /* MusicActivity.swift in Sources */,
				C6F1326FEC9911DED283D519 /* MusicLiveActivity.swift in Sources */,
				18F02024B5F87E0411632B75 /* MusicWidget.swift in Sources */,
				DB3D022813261CD458393F8B /* PlaybackControlIntents.swift in Sources */,
				29FD08D2034A3406DCFBEF42 /* RecentTrack.swift in Sources */,
				7F04C65F1399AFAE8CC045BD /* RecentlyPlayedWidget.swift in Sources */,
				4D9C107C79330CC009910A15 /* SwingMusicWidgetsBundle.swift in Sources */,
			);
			runOnlyForDeploymentPostprocessing = 0;
		};
		E5A0448B78FED910D936853A /* Sources */ = {
			isa = PBXSourcesBuildPhase;
			buildActionMask = 2147483647;
			files = (
				904EB21E68505C35E9FD6C86 /* MixArtwork.swift in Sources */,
				FC0D87A10A6B78DED124A4A3 /* MixOfflineStore.swift in Sources */,
				08CC2A538CFF3884AEB9835C /* DownloadBookkeeping.swift in Sources */,
				7594607CFF3D46D5DEBD6EF3 /* ArtistOfflineStore.swift in Sources */,
				F481A53CA707A8BFC485A51C /* AMLLLyricsView.swift in Sources */,
				E44C163C631C6CF4FA38AB4D /* AMLLModel.swift in Sources */,
				5A7AA0E2206ABC948E668043 /* AMLLWordEmphasis.swift in Sources */,
				42895F45CEBF2B88B632125D /* APIClient.swift in Sources */,
				36CDD11D7068D6009D4770F6 /* ActivityManager.swift in Sources */,
				3E7EE99C5534EC1214D22A0B /* AdaptiveDetailBackground.swift in Sources */,
				36259D13B8C84E5AAEC436D2 /* AddToPlaylistSheet.swift in Sources */,
				ECB920D52018537459C0FDB4 /* AlbumCard.swift in Sources */,
				23D0AA25EFEDEF91626DD915 /* AlbumDetailView.swift in Sources */,
				95FCC70105A2078D25F721CB /* AlbumsGridView.swift in Sources */,
				1CD3988EAC46E562A70046F6 /* AmbientBackground.swift in Sources */,
				6B2EC8B08C2B2FDEBE02F26A /* AppSettings.swift in Sources */,
				691A327B8DC8D18C378D999F /* AppState.swift in Sources */,
				A692ACD6402BD082FD206324 /* ArtistAbout.swift in Sources */,
				BD0C492B6EE3B46935CFA982 /* ArtistDetailView.swift in Sources */,
				E529634D2F89559FCD2D0FBC /* ArtworkFlowingLightPalette.swift in Sources */,
				F240C5B22805CF986A7CD2EE /* AudioPlayer.swift in Sources */,
				914603120EDC0518052A593A /* AutoMix.swift in Sources */,
				A5F21F722ABAAC97A313BD1B /* BlurHash.swift in Sources */,
				9004487BB03CEAF167D495B6 /* BugReport.swift in Sources */,
				5FC14FE358597600D40FFED2 /* BugReportSheet.swift in Sources */,
				86159192042746B10290A43E /* ComponentExporter.swift in Sources */,
				D2EC9295036BFF0BE27F8F7C /* ContentView.swift in Sources */,
				C7E0915A0527B3C38740C4C9 /* DetailNative.swift in Sources */,
				FB38CDE50A185684E4A9C215 /* DownloadControl.swift in Sources */,
				B1126F275CE6A70072E4EFC7 /* DownloadManager.swift in Sources */,
				EC9217DD09D1E1DDCC43422C /* DownloadsView.swift in Sources */,
				F43AF761BB9C2F01936E634F /* ElasticSlider.swift in Sources */,
				7D62D7955DD6139864537917 /* Endpoints.swift in Sources */,
				A4111BA02045FE7C86DF1FDC /* Equalizer.swift in Sources */,
				083581AB7DE98FD65FD439D9 /* EqualizerSheet.swift in Sources */,
				5C7888F1E1BFBEC28FA2E942 /* ExplicitBadge.swift in Sources */,
				C5BA6CCA3164812212F2A89D /* FavoritesView.swift in Sources */,
				838EFEC7D1ECBB7A8C2FCAB5 /* FlowingLightMotionField.swift in Sources */,
				740CB9E73D1ABA6504343AC8 /* FlowingLightPaletteBuilder.swift in Sources */,
				D0B41D27F2294811DBD51A0F /* FolderBrowserView.swift in Sources */,
				827DC7ECF87D2501807CC058 /* Helpers.swift in Sources */,
				43DC049D036AEAEA60C456CF /* HomeView.swift in Sources */,
				26C35CBC2C6D41E486A95605 /* ImageView.swift in Sources */,
				0B4BC59A40C9960B0805EE1C /* Keychain.swift in Sources */,
				324BE9E9F7952DB6ED18F379 /* LDDCLyrics.swift in Sources */,
				762CF58D9F8C702DF2F84159 /* LibraryView.swift in Sources */,
				78C27BE17C932CC68786DA67 /* Log.swift in Sources */,
				D1CE7BE04AE12FC376E7B7CB /* LoginView.swift in Sources */,
				99EE1130D9364A5B0B62ACD3 /* LyricGlowTextRenderer.swift in Sources */,
				7502CEA78E5C1C9736D7AB92 /* LyricHighlightRevealProgress.swift in Sources */,
				7ADB5DA2AF762D62FA1FCB72 /* LyricLineFitting.swift in Sources */,
				0E2EE6DE570BB0C65D8DA8F5 /* LyricLongToneEmphasis.swift in Sources */,
				9D7268EF5997F55ECB07231D /* LyricModels.swift in Sources */,
				60B9946D31D6D3DC63263073 /* LyricRomanizationAligner.swift in Sources */,
				90BA5A29F3F29499FC699990 /* LyricRubyLayout.swift in Sources */,
				AFD6184A482CB129789B219A /* LyricRubyTextBuilder.swift in Sources */,
				9CF20130B0A2CB5AD074E387 /* LyricWordSegmenter.swift in Sources */,
				54E06D42D099E242A1AC88D6 /* Lyrics.swift in Sources */,
				98FDB289CCBAD76073399D2F /* LyricsBridge.swift in Sources */,
				4C825D52691EA21A163F081E /* LyricsCrypto.swift in Sources */,
				7373AD13DC86744424A59FC8 /* LyricsEmphasisStyle.swift in Sources */,
				BEB43E921B4C4D54FF71ABA8 /* LyricsFontWeight.swift in Sources */,
				F1E47FD9094730D5F9B92C7B /* LyricsFormats.swift in Sources */,
				8226E8185C31071EA69B8ED8 /* LyricsLiftMode.swift in Sources */,
				DE58965C5BD0BD529F09667A /* LyricsLongSyllableDetectionMode.swift in Sources */,
				7CB03C84FE7537A2023CA9BE /* LyricsMatcher.swift in Sources */,
				EBEFD3329C3FB0C7107E6377 /* LyricsProviders.swift in Sources */,
				7E6FA5209230129D3743B7B0 /* LyricsStyle.swift in Sources */,
				676055409989D541C3C724C6 /* LyricsTranslationDisplayMode.swift in Sources */,
				437214F76A0B08A8C68FCC0D /* MeloXPlayerBridge.swift in Sources */,
				CEAC5275F2D0ECB786132289 /* MixDetailView.swift in Sources */,
				2EFA74B131390E5F6F475D87 /* MusicActivity.swift in Sources */,
				ACF72C820628F9B59B008BC3 /* MusicLiveActivity.swift in Sources */,
				D85459B34EB94DF496E7DC47 /* MusicQualityStub.swift in Sources */,
				A490486B6E5180AD33049CC2 /* MusicWidget.swift in Sources */,
				A505EF17F347372D55FEB2F9 /* MusixmatchLyrics.swift in Sources */,
				FED6D9395EA79AD8B287BA78 /* NowPlayingArtworkPage.swift in Sources */,
				B386EE0938705A7D3F11EBBE /* NowPlayingBackground.swift in Sources */,
				00EBAD8D822788E44BCE7F15 /* NowPlayingBottomControls.swift in Sources */,
				C01CBFDB450B0D2EA2F8F413 /* NowPlayingControls.swift in Sources */,
				B537A3A80EC5DA5831E2DD82 /* NowPlayingFlowingLightBackground.swift in Sources */,
				ACA647D419808494D4E56905 /* NowPlayingFlowingLightFields.swift in Sources */,
				8CF0E754CC5BA29D3FBE45B8 /* NowPlayingInterfaceTransition.swift in Sources */,
				EE37AA52B92BD0FC418B8F85 /* NowPlayingLandscapeView.swift in Sources */,
				0A6209F0F485A63BBD235B96 /* NowPlayingLyricsLanguageButton.swift in Sources */,
				B14E37F9C2D2CD6AA85A4DCC /* NowPlayingLyricsPage.swift in Sources */,
				1B979304779BC8AAFB31CC2F /* NowPlayingPageTransition.swift in Sources */,
				E7A371E72F9F70CD5910543B /* NowPlayingPortraitArtwork.swift in Sources */,
				73D26F441257E9ACA5CA9CA3 /* NowPlayingQueuePage.swift in Sources */,
				5867B3FFEAE6BE3A511EA3D6 /* NowPlayingRhythmicVignette.swift in Sources */,
				6904102133093E99E6E89BB9 /* NowPlayingSongActions.swift in Sources */,
				B0CFAAF097FE7342DD548FD1 /* NowPlayingSongHeader.swift in Sources */,
				AA7866CDEC67E629C58F8834 /* NowPlayingTransportButtonStyle.swift in Sources */,
				08CF418668D6D7A04D2DD18D /* NowPlayingView.swift in Sources */,
				8F85D29F5488DACB7B8FEC54 /* PerformanceTracer.swift in Sources */,
				EAA606A29384F78A6EC09FBA /* PlaybackControlIntents.swift in Sources */,
				8EB824A7EE1F26A77103AD36 /* PlayerBackgroundStyle.swift in Sources */,
				D3BC46515B80CCAA02AD4D8A /* PlayerScreenAwakeMode.swift in Sources */,
				0F2E677285DF41B41AA98297 /* PlayerStore.swift in Sources */,
				F2CBEAA22289BDC805814CA1 /* PlayerSupport.swift in Sources */,
				A5BD0660A183A97CB2B026D3 /* PlayerVolumeControlMode.swift in Sources */,
				7C1A2A2A5F1212253E020E28 /* PlaylistDetailView.swift in Sources */,
				BBD846D5FA21C0069A1BBCF8 /* PlaylistImageGrid.swift in Sources */,
				A74D2341185790E3175CAA89 /* RecentTrack.swift in Sources */,
				2EFA62D7B5E27FAB375F24AA /* RecentlyPlayedWidget.swift in Sources */,
				4B5F7B1A086B26E944A25123 /* RepeatMode.swift in Sources */,
				8A9A6898DDA445883226813C /* ScrobbleQueue.swift in Sources */,
				C55369F89E8375F9E22BFC39 /* SearchView.swift in Sources */,
				880C3A833182ED53D142CEAD /* SettingsView.swift in Sources */,
				9E6D25F83FA1327C71F4AE89 /* ShakeDetector.swift in Sources */,
				0F40D223211C83868C7F4E84 /* SleepTimer.swift in Sources */,
				3E1CDC30F5F45D2FC5998B6C /* SleepTimerSheet.swift in Sources */,
				C8D117BBE2389A8E116CA7BA /* SongCompat.swift in Sources */,
				AF542CE77A4ED02A43DC5AF2 /* SwingMusicApp.swift in Sources */,
				B2C7838BB423B061F4274722 /* SwipeAction.swift in Sources */,
				6F86EC48B3A3E160ABFECDEC /* Track.swift in Sources */,
				A6FFCB2184E339D4D3FAC0D6 /* TrackRow.swift in Sources */,
				7DDA923B37249C710F04A2C6 /* WidgetDebugPreview.swift in Sources */,
			);
			runOnlyForDeploymentPostprocessing = 0;
		};
		BD3F42585C9C1DCC1797AC54 /* Sources */ = {
			isa = PBXSourcesBuildPhase;
			buildActionMask = 2147483647;
			files = (
				DC4C0227DC6C543E9EFF8039 /* Fixtures.swift in Sources */,
				2661742A5DFCFC8EF41D3EDF /* DownloadBookkeepingTests.swift in Sources */,
				A3487D619B27F625A98A14C2 /* ArtistOfflineStoreTests.swift in Sources */,
				3E92DE0F11930AA9C293D1DB /* FavoritesHeaderTests.swift in Sources */,
				8707304D00841EB889821477 /* FavoritesQueueTests.swift in Sources */,
				49F3591CCCE4EB7CEB1BC189 /* AlbumStatsTests.swift in Sources */,
				A5A42BDD6AE379128526AC2B /* ImageCacheTests.swift in Sources */,
				AAC2C1EB9CEC466C9DAA9E08 /* MixOfflineStoreTests.swift in Sources */,
				7AA402406E2F0F6D847BABF5 /* MixArtworkTests.swift in Sources */,
				24DFE11980BB28FC801D3659 /* PlaylistImageTests.swift in Sources */,
				C6F3368E3755D145B5A02072 /* TrackFavoriteTests.swift in Sources */,
			);
			runOnlyForDeploymentPostprocessing = 0;
		};
/* End PBXSourcesBuildPhase section */

/* Begin PBXTargetDependency section */
		399D5FFEC6E69BB11F95D587 /* PBXTargetDependency */ = {
			isa = PBXTargetDependency;
			target = E42545C4AAA7F68D4FF438E1 /* SwingMusicWidgetsExtension */;
			targetProxy = DE9F99459956BF1B50CF1D9C /* PBXContainerItemProxy */;
		};
		CC770BF5458C3B211D6F24FB /* PBXTargetDependency */ = {
			isa = PBXTargetDependency;
			target = 868CA6D7B870CE83A88FEC02 /* SwingMusic */;
			targetProxy = F4DAADB712CA1646004F936F /* PBXContainerItemProxy */;
		};
/* End PBXTargetDependency section */

/* Begin XCBuildConfiguration section */
		61ABB1E3EDD2FFB3EA0F78F6 /* Debug */ = {
			isa = XCBuildConfiguration;
			buildSettings = {
				ASSETCATALOG_COMPILER_APPICON_NAME = AppIcon;
				CFBundleDisplayName = "Swing Music Client";
				CODE_SIGN_ENTITLEMENTS = SwingMusic/SwingMusic.entitlements;
				CODE_SIGN_IDENTITY = "iPhone Developer";
				CODE_SIGN_STYLE = Automatic;
				CURRENT_PROJECT_VERSION = 10;
				DEVELOPMENT_TEAM = "";
				GENERATE_INFOPLIST_FILE = NO;
				INFOPLIST_FILE = SwingMusic/Info.plist;
				LD_RUNPATH_SEARCH_PATHS = (
					"$(inherited)",
					"@executable_path/Frameworks",
				);
				MARKETING_VERSION = 1.0.0;
				PRODUCT_BUNDLE_IDENTIFIER = com.swingmusic.app;
				PRODUCT_NAME = "Swing Music Client";
				SDKROOT = iphoneos;
				SWIFT_VERSION = 5.9;
				TARGETED_DEVICE_FAMILY = "1,2";
			};
			name = Debug;
		};
		8DDCEEBAF16F4EEB5A7FF2F6 /* Debug */ = {
			isa = XCBuildConfiguration;
			buildSettings = {
				ALWAYS_SEARCH_USER_PATHS = NO;
				CLANG_ANALYZER_NONNULL = YES;
				CLANG_ANALYZER_NUMBER_OBJECT_CONVERSION = YES_AGGRESSIVE;
				CLANG_CXX_LANGUAGE_STANDARD = "gnu++14";
				CLANG_CXX_LIBRARY = "libc++";
				CLANG_ENABLE_MODULES = YES;
				CLANG_ENABLE_OBJC_ARC = YES;
				CLANG_ENABLE_OBJC_WEAK = YES;
				CLANG_WARN_BLOCK_CAPTURE_AUTORELEASING = YES;
				CLANG_WARN_BOOL_CONVERSION = YES;
				CLANG_WARN_COMMA = YES;
				CLANG_WARN_CONSTANT_CONVERSION = YES;
				CLANG_WARN_DEPRECATED_OBJC_IMPLEMENTATIONS = YES;
				CLANG_WARN_DIRECT_OBJC_ISA_USAGE = YES_ERROR;
				CLANG_WARN_DOCUMENTATION_COMMENTS = YES;
				CLANG_WARN_EMPTY_BODY = YES;
				CLANG_WARN_ENUM_CONVERSION = YES;
				CLANG_WARN_INFINITE_RECURSION = YES;
				CLANG_WARN_INT_CONVERSION = YES;
				CLANG_WARN_NON_LITERAL_NULL_CONVERSION = YES;
				CLANG_WARN_OBJC_IMPLICIT_RETAIN_SELF = YES;
				CLANG_WARN_OBJC_LITERAL_CONVERSION = YES;
				CLANG_WARN_OBJC_ROOT_CLASS = YES_ERROR;
				CLANG_WARN_QUOTED_INCLUDE_IN_FRAMEWORK_HEADER = YES;
				CLANG_WARN_RANGE_LOOP_ANALYSIS = YES;
				CLANG_WARN_STRICT_PROTOTYPES = YES;
				CLANG_WARN_SUSPICIOUS_MOVE = YES;
				CLANG_WARN_UNGUARDED_AVAILABILITY = YES_AGGRESSIVE;
				CLANG_WARN_UNREACHABLE_CODE = YES;
				CLANG_WARN__DUPLICATE_METHOD_MATCH = YES;
				COPY_PHASE_STRIP = NO;
				DEBUG_INFORMATION_FORMAT = dwarf;
				ENABLE_STRICT_OBJC_MSGSEND = YES;
				ENABLE_TESTABILITY = YES;
				GCC_C_LANGUAGE_STANDARD = gnu11;
				GCC_DYNAMIC_NO_PIC = NO;
				GCC_NO_COMMON_BLOCKS = YES;
				GCC_OPTIMIZATION_LEVEL = 0;
				GCC_PREPROCESSOR_DEFINITIONS = (
					"$(inherited)",
					"DEBUG=1",
				);
				GCC_WARN_64_TO_32_BIT_CONVERSION = YES;
				GCC_WARN_ABOUT_RETURN_TYPE = YES_ERROR;
				GCC_WARN_UNDECLARED_SELECTOR = YES;
				GCC_WARN_UNINITIALIZED_AUTOS = YES_AGGRESSIVE;
				GCC_WARN_UNUSED_FUNCTION = YES;
				GCC_WARN_UNUSED_VARIABLE = YES;
				IPHONEOS_DEPLOYMENT_TARGET = 26.0;
				MTL_ENABLE_DEBUG_INFO = INCLUDE_SOURCE;
				MTL_FAST_MATH = YES;
				ONLY_ACTIVE_ARCH = YES;
				PRODUCT_NAME = "$(TARGET_NAME)";
				SDKROOT = iphoneos;
				SWIFT_ACTIVE_COMPILATION_CONDITIONS = DEBUG;
				SWIFT_OPTIMIZATION_LEVEL = "-Onone";
				SWIFT_VERSION = 5.0;
			};
			name = Debug;
		};
		9A8F3BAB9F3ED4D74AF311B8 /* Release */ = {
			isa = XCBuildConfiguration;
			buildSettings = {
				CODE_SIGN_ENTITLEMENTS = SwingMusicWidgetExtension/SwingMusicWidgetExtension.entitlements;
				CODE_SIGN_STYLE = Automatic;
				CURRENT_PROJECT_VERSION = 10;
				DEVELOPMENT_TEAM = "";
				GENERATE_INFOPLIST_FILE = NO;
				INFOPLIST_FILE = SwingMusicWidgetExtension/Info.plist;
				LD_RUNPATH_SEARCH_PATHS = (
					"$(inherited)",
					"@executable_path/Frameworks",
					"@executable_path/../../Frameworks",
				);
				MARKETING_VERSION = 1.0.0;
				PRODUCT_BUNDLE_IDENTIFIER = com.swingmusic.app.widgets;
				SDKROOT = iphoneos;
				SWIFT_VERSION = 5.9;
				TARGETED_DEVICE_FAMILY = "1,2";
			};
			name = Release;
		};
		CEB3B68EA099A72688A0DE2E /* Debug */ = {
			isa = XCBuildConfiguration;
			buildSettings = {
				CODE_SIGN_ENTITLEMENTS = SwingMusicWidgetExtension/SwingMusicWidgetExtension.entitlements;
				CODE_SIGN_STYLE = Automatic;
				CURRENT_PROJECT_VERSION = 10;
				DEVELOPMENT_TEAM = "";
				GENERATE_INFOPLIST_FILE = NO;
				INFOPLIST_FILE = SwingMusicWidgetExtension/Info.plist;
				LD_RUNPATH_SEARCH_PATHS = (
					"$(inherited)",
					"@executable_path/Frameworks",
					"@executable_path/../../Frameworks",
				);
				MARKETING_VERSION = 1.0.0;
				PRODUCT_BUNDLE_IDENTIFIER = com.swingmusic.app.widgets;
				SDKROOT = iphoneos;
				SWIFT_VERSION = 5.9;
				TARGETED_DEVICE_FAMILY = "1,2";
			};
			name = Debug;
		};
		F0F1BD1CB154CF29EDDD5628 /* Release */ = {
			isa = XCBuildConfiguration;
			buildSettings = {
				ALWAYS_SEARCH_USER_PATHS = NO;
				CLANG_ANALYZER_NONNULL = YES;
				CLANG_ANALYZER_NUMBER_OBJECT_CONVERSION = YES_AGGRESSIVE;
				CLANG_CXX_LANGUAGE_STANDARD = "gnu++14";
				CLANG_CXX_LIBRARY = "libc++";
				CLANG_ENABLE_MODULES = YES;
				CLANG_ENABLE_OBJC_ARC = YES;
				CLANG_ENABLE_OBJC_WEAK = YES;
				CLANG_WARN_BLOCK_CAPTURE_AUTORELEASING = YES;
				CLANG_WARN_BOOL_CONVERSION = YES;
				CLANG_WARN_COMMA = YES;
				CLANG_WARN_CONSTANT_CONVERSION = YES;
				CLANG_WARN_DEPRECATED_OBJC_IMPLEMENTATIONS = YES;
				CLANG_WARN_DIRECT_OBJC_ISA_USAGE = YES_ERROR;
				CLANG_WARN_DOCUMENTATION_COMMENTS = YES;
				CLANG_WARN_EMPTY_BODY = YES;
				CLANG_WARN_ENUM_CONVERSION = YES;
				CLANG_WARN_INFINITE_RECURSION = YES;
				CLANG_WARN_INT_CONVERSION = YES;
				CLANG_WARN_NON_LITERAL_NULL_CONVERSION = YES;
				CLANG_WARN_OBJC_IMPLICIT_RETAIN_SELF = YES;
				CLANG_WARN_OBJC_LITERAL_CONVERSION = YES;
				CLANG_WARN_OBJC_ROOT_CLASS = YES_ERROR;
				CLANG_WARN_QUOTED_INCLUDE_IN_FRAMEWORK_HEADER = YES;
				CLANG_WARN_RANGE_LOOP_ANALYSIS = YES;
				CLANG_WARN_STRICT_PROTOTYPES = YES;
				CLANG_WARN_SUSPICIOUS_MOVE = YES;
				CLANG_WARN_UNGUARDED_AVAILABILITY = YES_AGGRESSIVE;
				CLANG_WARN_UNREACHABLE_CODE = YES;
				CLANG_WARN__DUPLICATE_METHOD_MATCH = YES;
				COPY_PHASE_STRIP = NO;
				DEBUG_INFORMATION_FORMAT = "dwarf-with-dsym";
				ENABLE_NS_ASSERTIONS = NO;
				ENABLE_STRICT_OBJC_MSGSEND = YES;
				GCC_C_LANGUAGE_STANDARD = gnu11;
				GCC_NO_COMMON_BLOCKS = YES;
				GCC_WARN_64_TO_32_BIT_CONVERSION = YES;
				GCC_WARN_ABOUT_RETURN_TYPE = YES_ERROR;
				GCC_WARN_UNDECLARED_SELECTOR = YES;
				GCC_WARN_UNINITIALIZED_AUTOS = YES_AGGRESSIVE;
				GCC_WARN_UNUSED_FUNCTION = YES;
				GCC_WARN_UNUSED_VARIABLE = YES;
				IPHONEOS_DEPLOYMENT_TARGET = 26.0;
				MTL_ENABLE_DEBUG_INFO = NO;
				MTL_FAST_MATH = YES;
				PRODUCT_NAME = "$(TARGET_NAME)";
				SDKROOT = iphoneos;
				SWIFT_COMPILATION_MODE = wholemodule;
				SWIFT_OPTIMIZATION_LEVEL = "-O";
				SWIFT_VERSION = 5.0;
			};
			name = Release;
		};
		FA25F9991EC4EC533918DC0C /* Release */ = {
			isa = XCBuildConfiguration;
			buildSettings = {
				ASSETCATALOG_COMPILER_APPICON_NAME = AppIcon;
				CFBundleDisplayName = "Swing Music Client";
				CODE_SIGN_ENTITLEMENTS = SwingMusic/SwingMusic.entitlements;
				CODE_SIGN_IDENTITY = "iPhone Developer";
				CODE_SIGN_STYLE = Automatic;
				CURRENT_PROJECT_VERSION = 10;
				DEVELOPMENT_TEAM = "";
				GENERATE_INFOPLIST_FILE = NO;
				INFOPLIST_FILE = SwingMusic/Info.plist;
				LD_RUNPATH_SEARCH_PATHS = (
					"$(inherited)",
					"@executable_path/Frameworks",
				);
				MARKETING_VERSION = 1.0.0;
				PRODUCT_BUNDLE_IDENTIFIER = com.swingmusic.app;
				PRODUCT_NAME = "Swing Music Client";
				SDKROOT = iphoneos;
				SWIFT_VERSION = 5.9;
				TARGETED_DEVICE_FAMILY = "1,2";
			};
			name = Release;
		};
		D00598B37E5F957B17262577 /* Debug */ = {
			isa = XCBuildConfiguration;
			buildSettings = {
				BUNDLE_LOADER = "$(TEST_HOST)";
				CODE_SIGN_STYLE = Automatic;
				GENERATE_INFOPLIST_FILE = YES;
				IPHONEOS_DEPLOYMENT_TARGET = 26.0;
				PRODUCT_BUNDLE_IDENTIFIER = com.swingmusic.app.tests;
				PRODUCT_NAME = "$(TARGET_NAME)";
				SDKROOT = iphoneos;
				SWIFT_VERSION = 5.9;
				TARGETED_DEVICE_FAMILY = "1,2";
				TEST_HOST = "$(BUILT_PRODUCTS_DIR)/Swing Music Client.app/Swing Music Client";
			};
			name = Debug;
		};
		B4ACF7F1C41284353CAC9B3B /* Release */ = {
			isa = XCBuildConfiguration;
			buildSettings = {
				BUNDLE_LOADER = "$(TEST_HOST)";
				CODE_SIGN_STYLE = Automatic;
				GENERATE_INFOPLIST_FILE = YES;
				IPHONEOS_DEPLOYMENT_TARGET = 26.0;
				PRODUCT_BUNDLE_IDENTIFIER = com.swingmusic.app.tests;
				PRODUCT_NAME = "$(TARGET_NAME)";
				SDKROOT = iphoneos;
				SWIFT_VERSION = 5.9;
				TARGETED_DEVICE_FAMILY = "1,2";
				TEST_HOST = "$(BUILT_PRODUCTS_DIR)/Swing Music Client.app/Swing Music Client";
			};
			name = Release;
		};
/* End XCBuildConfiguration section */

/* Begin XCConfigurationList section */
		41B52B742BA866CA7B6A6925 /* Build configuration list for PBXNativeTarget "SwingMusicWidgetsExtension" */ = {
			isa = XCConfigurationList;
			buildConfigurations = (
				CEB3B68EA099A72688A0DE2E /* Debug */,
				9A8F3BAB9F3ED4D74AF311B8 /* Release */,
			);
			defaultConfigurationIsVisible = 0;
			defaultConfigurationName = Debug;
		};
		94AE37749F292339F737FC0F /* Build configuration list for PBXProject "SwingMusicApp" */ = {
			isa = XCConfigurationList;
			buildConfigurations = (
				8DDCEEBAF16F4EEB5A7FF2F6 /* Debug */,
				F0F1BD1CB154CF29EDDD5628 /* Release */,
			);
			defaultConfigurationIsVisible = 0;
			defaultConfigurationName = Debug;
		};
		A21669B7DFA5D3C339BB7D46 /* Build configuration list for PBXNativeTarget "SwingMusic" */ = {
			isa = XCConfigurationList;
			buildConfigurations = (
				61ABB1E3EDD2FFB3EA0F78F6 /* Debug */,
				FA25F9991EC4EC533918DC0C /* Release */,
			);
			defaultConfigurationIsVisible = 0;
			defaultConfigurationName = Debug;
		};
		C9A3320EB645450B752E5929 /* Build configuration list for PBXNativeTarget "SwingMusicTests" */ = {
			isa = XCConfigurationList;
			buildConfigurations = (
				D00598B37E5F957B17262577 /* Debug */,
				B4ACF7F1C41284353CAC9B3B /* Release */,
			);
			defaultConfigurationIsVisible = 0;
			defaultConfigurationName = Debug;
		};
/* End XCConfigurationList section */

/* Begin XCRemoteSwiftPackageReference section */
		62FA5D0DAA041D6BBBB01B58 /* XCRemoteSwiftPackageReference "LNPopupUI" */ = {
			isa = XCRemoteSwiftPackageReference;
			repositoryURL = "https://github.com/LeoNatan/LNPopupUI";
			requirement = {
				kind = exactVersion;
				version = 4.0.1;
			};
		};
/* End XCRemoteSwiftPackageReference section */

/* Begin XCSwiftPackageProductDependency section */
		15368644BE548FAAC6CAA968 /* LNPopupUI */ = {
			isa = XCSwiftPackageProductDependency;
			package = 62FA5D0DAA041D6BBBB01B58 /* XCRemoteSwiftPackageReference "LNPopupUI" */;
			productName = LNPopupUI;
		};
/* End XCSwiftPackageProductDependency section */
	};
	rootObject = 5896B5064D7211C14D393585 /* Project object */;
}
